// !$*UTF8*$!
{
	archiveVersion = 1;
	classes = {
	};
	objectVersion = 51;
	objects = {

/* Begin PBXBuildFile section */
		2C3D34C026B6A3650036DF0A /* PlaceSearchViewController.swift in Sources */ = {isa = PBXBuildFile; fileRef = 2C3D34BF26B6A3650036DF0A /* PlaceSearchViewController.swift */; };
		2C3D34C226B6A3770036DF0A /* PlaceSearch.storyboard in Resources */ = {isa = PBXBuildFile; fileRef = 2C3D34C126B6A3770036DF0A /* PlaceSearch.storyboard */; };
		2C3D34C526B6AD400036DF0A /* PlaceSearchCollectionViewCell.swift in Sources */ = {isa = PBXBuildFile; fileRef = 2C3D34C426B6AD400036DF0A /* PlaceSearchCollectionViewCell.swift */; };
		2C3D34C726B6AF900036DF0A /* Search.swift in Sources */ = {isa = PBXBuildFile; fileRef = 2C3D34C626B6AF900036DF0A /* Search.swift */; };
		2C715DA026C043FE00B0B22B /* FilterViewController.swift in Sources */ = {isa = PBXBuildFile; fileRef = 2C715D9F26C043FE00B0B22B /* FilterViewController.swift */; };
		2C715DA626C0514400B0B22B /* SearchHeaderCollectionViewCell.swift in Sources */ = {isa = PBXBuildFile; fileRef = 2C715DA526C0514400B0B22B /* SearchHeaderCollectionViewCell.swift */; };
		2C715DA826C05E7100B0B22B /* AlignmentTableViewCell.swift in Sources */ = {isa = PBXBuildFile; fileRef = 2C715DA726C05E7100B0B22B /* AlignmentTableViewCell.swift */; };
		2C715DAA26C0695E00B0B22B /* CategoryTableViewCell.swift in Sources */ = {isa = PBXBuildFile; fileRef = 2C715DA926C0695E00B0B22B /* CategoryTableViewCell.swift */; };
		2C715DAC26C072C100B0B22B /* StoreTypeTableViewCell.swift in Sources */ = {isa = PBXBuildFile; fileRef = 2C715DAB26C072C100B0B22B /* StoreTypeTableViewCell.swift */; };
		400F1BADFE2D2421EE7CBBC5 /* Pods_UMate.framework in Frameworks */ = {isa = PBXBuildFile; fileRef = A44BACD78B532E8BD2C03246 /* Pods_UMate.framework */; };
		5C0D977726A768A600F396B7 /* UIViewController+Alert.swift in Sources */ = {isa = PBXBuildFile; fileRef = 5C0D977626A768A600F396B7 /* UIViewController+Alert.swift */; };
		5C2141AF26BF059F00F93A84 /* UIButton+Extension.swift in Sources */ = {isa = PBXBuildFile; fileRef = 5C2141AE26BF059F00F93A84 /* UIButton+Extension.swift */; };
		5C2141B126BF0A1500F93A84 /* ChooseEmailPasswordViewController.swift in Sources */ = {isa = PBXBuildFile; fileRef = 5C2141B026BF0A1400F93A84 /* ChooseEmailPasswordViewController.swift */; };
		5C2141B326BF0F5B00F93A84 /* UIView+Extension.swift in Sources */ = {isa = PBXBuildFile; fileRef = 5C2141B226BF0F5B00F93A84 /* UIView+Extension.swift */; };
		5C2141B626BF162B00F93A84 /* ThemeSettingTableViewController.swift in Sources */ = {isa = PBXBuildFile; fileRef = 5C2141B526BF162B00F93A84 /* ThemeSettingTableViewController.swift */; };
		5C2141BC26BF1A1500F93A84 /* SetPasswordViewController.swift in Sources */ = {isa = PBXBuildFile; fileRef = 5C2141BB26BF1A1500F93A84 /* SetPasswordViewController.swift */; };
		5C44242E26B7586200A6C23B /* SchoolAuthTableViewController.swift in Sources */ = {isa = PBXBuildFile; fileRef = 5C44242D26B7586200A6C23B /* SchoolAuthTableViewController.swift */; };
		5C733FDF26B0659A00C1AF21 /* LectureModel.swift in Sources */ = {isa = PBXBuildFile; fileRef = 5C733FDE26B0659A00C1AF21 /* LectureModel.swift */; };
		5C733FE126B07CB500C1AF21 /* FriendsListTableViewController.swift in Sources */ = {isa = PBXBuildFile; fileRef = 5C733FE026B07CB500C1AF21 /* FriendsListTableViewController.swift */; };
		5C733FE326B07D7C00C1AF21 /* FriendsListViewController.swift in Sources */ = {isa = PBXBuildFile; fileRef = 5C733FE226B07D7C00C1AF21 /* FriendsListViewController.swift */; };
		5C733FE526B0839D00C1AF21 /* FriendLectureViewController.swift in Sources */ = {isa = PBXBuildFile; fileRef = 5C733FE426B0839D00C1AF21 /* FriendLectureViewController.swift */; };
		5C7E4C4D26BD6FC9009DF776 /* CommonViewController.swift in Sources */ = {isa = PBXBuildFile; fileRef = 5C7E4C4C26BD6FC9009DF776 /* CommonViewController.swift */; };
		5C7E4C4F26BD6FD4009DF776 /* Dummy.swift in Sources */ = {isa = PBXBuildFile; fileRef = 5C7E4C4E26BD6FD4009DF776 /* Dummy.swift */; };
		5C7E4C5126BD71ED009DF776 /* CommonConstant.swift in Sources */ = {isa = PBXBuildFile; fileRef = 5C7E4C5026BD71ED009DF776 /* CommonConstant.swift */; };
		5C89D9D226C017F8000DB3D2 /* MakingPasswordViewController.swift in Sources */ = {isa = PBXBuildFile; fileRef = 5C89D9D126C017F8000DB3D2 /* MakingPasswordViewController.swift */; };
		5C89D9D726C05DEF000DB3D2 /* UMateRuleViewController.swift in Sources */ = {isa = PBXBuildFile; fileRef = 5C89D9D626C05DEF000DB3D2 /* UMateRuleViewController.swift */; };
		5C89D9D926C07FB6000DB3D2 /* UIColor+Extension.swift in Sources */ = {isa = PBXBuildFile; fileRef = 5C89D9D826C07FB6000DB3D2 /* UIColor+Extension.swift */; };
		5C89DA2126C29EDF000DB3D2 /* ChangeAppPasswordViewController.swift in Sources */ = {isa = PBXBuildFile; fileRef = 5C89DA2026C29EDF000DB3D2 /* ChangeAppPasswordViewController.swift */; };
		5C92DD0A269B4DEF0094A93C /* AppDelegate.swift in Sources */ = {isa = PBXBuildFile; fileRef = 5C92DD09269B4DEF0094A93C /* AppDelegate.swift */; };
		5C92DD0C269B4DEF0094A93C /* SceneDelegate.swift in Sources */ = {isa = PBXBuildFile; fileRef = 5C92DD0B269B4DEF0094A93C /* SceneDelegate.swift */; };
		5C92DD11269B4DEF0094A93C /* Main.storyboard in Resources */ = {isa = PBXBuildFile; fileRef = 5C92DD0F269B4DEF0094A93C /* Main.storyboard */; };
		5C92DD13269B4DF00094A93C /* Assets.xcassets in Resources */ = {isa = PBXBuildFile; fileRef = 5C92DD12269B4DF00094A93C /* Assets.xcassets */; };
		5C92DD16269B4DF00094A93C /* LaunchScreen.storyboard in Resources */ = {isa = PBXBuildFile; fileRef = 5C92DD14269B4DF00094A93C /* LaunchScreen.storyboard */; };
		5C92DD26269B4E850094A93C /* Home.storyboard in Resources */ = {isa = PBXBuildFile; fileRef = 5C92DD25269B4E850094A93C /* Home.storyboard */; };
		5C92DD28269B4E890094A93C /* Board.storyboard in Resources */ = {isa = PBXBuildFile; fileRef = 5C92DD27269B4E890094A93C /* Board.storyboard */; };
		5C92DD2A269B4E8E0094A93C /* Timetable.storyboard in Resources */ = {isa = PBXBuildFile; fileRef = 5C92DD29269B4E8E0094A93C /* Timetable.storyboard */; };
		5C92DD30269B4EC00094A93C /* HomeViewController.swift in Sources */ = {isa = PBXBuildFile; fileRef = 5C92DD2F269B4EC00094A93C /* HomeViewController.swift */; };
		5C92DD32269B4ED20094A93C /* BoardViewController.swift in Sources */ = {isa = PBXBuildFile; fileRef = 5C92DD31269B4ED20094A93C /* BoardViewController.swift */; };
		5C92DD34269B4EDF0094A93C /* TimetableViewController.swift in Sources */ = {isa = PBXBuildFile; fileRef = 5C92DD33269B4EDF0094A93C /* TimetableViewController.swift */; };
		5C92DD3A269BF8450094A93C /* Account.storyboard in Resources */ = {isa = PBXBuildFile; fileRef = 5C92DD39269BF8450094A93C /* Account.storyboard */; };
		5C92DD3C269BF84F0094A93C /* AccountViewController.swift in Sources */ = {isa = PBXBuildFile; fileRef = 5C92DD3B269BF84E0094A93C /* AccountViewController.swift */; };
		5CA0D8DC26BB11070098FBE4 /* PasswordCheckViewController.swift in Sources */ = {isa = PBXBuildFile; fileRef = 5CA0D8DB26BB11070098FBE4 /* PasswordCheckViewController.swift */; };
		5CAFD3AD26A74B9D0002D0EC /* AddLectureTableViewController.swift in Sources */ = {isa = PBXBuildFile; fileRef = 5CAFD3AC26A74B9D0002D0EC /* AddLectureTableViewController.swift */; };
		5CB9104926B2C875001E24DC /* FriendSearchViewController.swift in Sources */ = {isa = PBXBuildFile; fileRef = 5CB9104826B2C875001E24DC /* FriendSearchViewController.swift */; };
		5CD1F63A26B9A7FB00441831 /* PasswordChangeViewController.swift in Sources */ = {isa = PBXBuildFile; fileRef = 5CD1F63926B9A7FB00441831 /* PasswordChangeViewController.swift */; };
		5CD1F63C26B9B1F700441831 /* EmailChangeViewController.swift in Sources */ = {isa = PBXBuildFile; fileRef = 5CD1F63B26B9B1F700441831 /* EmailChangeViewController.swift */; };
		6D3EC62926B10B6C00907A68 /* TermsOfConditionsTableViewController.swift in Sources */ = {isa = PBXBuildFile; fileRef = 6D3EC62826B10B6C00907A68 /* TermsOfConditionsTableViewController.swift */; };
		6D42480526AAB8C300E1E138 /* Setting.storyboard in Resources */ = {isa = PBXBuildFile; fileRef = 6D42480426AAB8C300E1E138 /* Setting.storyboard */; };
		6D42480726AABFE500E1E138 /* SettingTableViewController.swift in Sources */ = {isa = PBXBuildFile; fileRef = 6D42480626AABFE500E1E138 /* SettingTableViewController.swift */; };
		6D64F78226ADC9D3005BAC82 /* DropDownTableViewCell.swift in Sources */ = {isa = PBXBuildFile; fileRef = 6D64F78026ADC9D3005BAC82 /* DropDownTableViewCell.swift */; };
		6D64F78326ADC9D3005BAC82 /* DropDownTableViewCell.xib in Resources */ = {isa = PBXBuildFile; fileRef = 6D64F78126ADC9D3005BAC82 /* DropDownTableViewCell.xib */; };
		6D8019C026A525900042A288 /* User.swift in Sources */ = {isa = PBXBuildFile; fileRef = 6D8019BF26A525900042A288 /* User.swift */; };
		6D88628826BD3FC700E22BF1 /* SearchLIstUniversityViewController.swift in Sources */ = {isa = PBXBuildFile; fileRef = 6D88628726BD3FC700E22BF1 /* SearchLIstUniversityViewController.swift */; };
		6D8C063226C268F7005D34C5 /* StorageDataSource.swift in Sources */ = {isa = PBXBuildFile; fileRef = 6D8C063126C268F7005D34C5 /* StorageDataSource.swift */; };
		6D9D9A9126B03A180084C764 /* UniversityTitleData.swift in Sources */ = {isa = PBXBuildFile; fileRef = 6D9D9A9026B03A180084C764 /* UniversityTitleData.swift */; };
		6D9D9A9326B0788B0084C764 /* Termsandconditions.swift in Sources */ = {isa = PBXBuildFile; fileRef = 6D9D9A9226B0788B0084C764 /* Termsandconditions.swift */; };
		6D9E0CEB26ABC7B300ABB37F /* RegisterViewController.swift in Sources */ = {isa = PBXBuildFile; fileRef = 6D9E0CEA26ABC7B300ABB37F /* RegisterViewController.swift */; };
		6D9E1FBE26B99D6F00A24ED9 /* ProfilePicturesViewController.swift in Sources */ = {isa = PBXBuildFile; fileRef = 6D9E1FBD26B99D6F00A24ED9 /* ProfilePicturesViewController.swift */; };
		6D9E3AAF26B26B300038614D /* EmailVerifyViewController.swift in Sources */ = {isa = PBXBuildFile; fileRef = 6D9E3AAE26B26B300038614D /* EmailVerifyViewController.swift */; };
		6DA41EE026C0C98200BC249B /* FIndPasswordandEmailTableViewController.swift in Sources */ = {isa = PBXBuildFile; fileRef = 6DA41EDF26C0C98200BC249B /* FIndPasswordandEmailTableViewController.swift */; };
		6DA8990426B91CE900F81AD9 /* DetailRegisterViewController.swift in Sources */ = {isa = PBXBuildFile; fileRef = 6DA8990326B91CE900F81AD9 /* DetailRegisterViewController.swift */; };
		DF25EF3F26AFD4F300949AAB /* DetailPostViewController.swift in Sources */ = {isa = PBXBuildFile; fileRef = DF25EF3E26AFD4F300949AAB /* DetailPostViewController.swift */; };
		DF25EF4226AFD54C00949AAB /* PostContentTableViewCell.swift in Sources */ = {isa = PBXBuildFile; fileRef = DF25EF4126AFD54C00949AAB /* PostContentTableViewCell.swift */; };
		DF25EF4426AFD59300949AAB /* PostImageTableViewCell.swift in Sources */ = {isa = PBXBuildFile; fileRef = DF25EF4326AFD59300949AAB /* PostImageTableViewCell.swift */; };
		DF25EF4626AFD5EE00949AAB /* PostImageCollectionViewCell.swift in Sources */ = {isa = PBXBuildFile; fileRef = DF25EF4526AFD5EE00949AAB /* PostImageCollectionViewCell.swift */; };
		DF25EF4C26AFDD1F00949AAB /* BoardCustomHeaderView.swift in Sources */ = {isa = PBXBuildFile; fileRef = DF25EF4B26AFDD1F00949AAB /* BoardCustomHeaderView.swift */; };
		DF27D74B26B936780046D7BF /* CategoryBoardViewController.swift in Sources */ = {isa = PBXBuildFile; fileRef = DF27D74A26B936780046D7BF /* CategoryBoardViewController.swift */; };
		DF27D74D26B937240046D7BF /* CategoryBoardCollectionViewCell.swift in Sources */ = {isa = PBXBuildFile; fileRef = DF27D74C26B937240046D7BF /* CategoryBoardCollectionViewCell.swift */; };
		DF2F6B0226C3BA74003827E8 /* ExpandPostImageCollectionViewCell.swift in Sources */ = {isa = PBXBuildFile; fileRef = DF2F6B0126C3BA74003827E8 /* ExpandPostImageCollectionViewCell.swift */; };
		DF36281526A93207007AC5D2 /* ExpandableBoardTableViewCell.swift in Sources */ = {isa = PBXBuildFile; fileRef = DF46AEAB26A1C72C00435D94 /* ExpandableBoardTableViewCell.swift */; };
		DF3EA85D26A4003100424E7E /* NonExpandableBoardTableViewCell.swift in Sources */ = {isa = PBXBuildFile; fileRef = DF3EA85C26A4003100424E7E /* NonExpandableBoardTableViewCell.swift */; };
		DF40510726C05335009FCA17 /* SearchViewController.swift in Sources */ = {isa = PBXBuildFile; fileRef = DF40510626C05335009FCA17 /* SearchViewController.swift */; };
		DF454E2526C2DAED0031F92C /* UIViewController+View.swift in Sources */ = {isa = PBXBuildFile; fileRef = DF454E2426C2DAED0031F92C /* UIViewController+View.swift */; };
		DF454E2726C2E1450031F92C /* ExpandImageViewController.swift in Sources */ = {isa = PBXBuildFile; fileRef = DF454E2626C2E1450031F92C /* ExpandImageViewController.swift */; };
		DFB9FE9826BDE330005D38D3 /* CountLabelTableViewCell.swift in Sources */ = {isa = PBXBuildFile; fileRef = DFB9FE9726BDE330005D38D3 /* CountLabelTableViewCell.swift */; };
		DFE3DD5E26CFC474002F98D9 /* LectureReview.storyboard in Resources */ = {isa = PBXBuildFile; fileRef = DFE3DD5D26CFC474002F98D9 /* LectureReview.storyboard */; };
		DFE3DD6326CFC5C7002F98D9 /* DetailLectureReviewViewController.swift in Sources */ = {isa = PBXBuildFile; fileRef = DFE3DD6226CFC5C7002F98D9 /* DetailLectureReviewViewController.swift */; };
		DFE3DD6626CFC624002F98D9 /* LectureReviewHeaderTableViewCell.swift in Sources */ = {isa = PBXBuildFile; fileRef = DFE3DD6526CFC624002F98D9 /* LectureReviewHeaderTableViewCell.swift */; };
		DFE3DD6826CFC640002F98D9 /* LectureReviewTableViewCell.swift in Sources */ = {isa = PBXBuildFile; fileRef = DFE3DD6726CFC640002F98D9 /* LectureReviewTableViewCell.swift */; };
		DFE3DD6B26CFC6A6002F98D9 /* SectionTitleCollectionViewCell.swift in Sources */ = {isa = PBXBuildFile; fileRef = DFE3DD6A26CFC6A6002F98D9 /* SectionTitleCollectionViewCell.swift */; };
		DFE3DD6D26CFC6C0002F98D9 /* DetailLectureHeaderTableViewCell.swift in Sources */ = {isa = PBXBuildFile; fileRef = DFE3DD6C26CFC6C0002F98D9 /* DetailLectureHeaderTableViewCell.swift */; };
		DFE3DD6F26CFC6D8002F98D9 /* LectureSummaryTableViewCell.swift in Sources */ = {isa = PBXBuildFile; fileRef = DFE3DD6E26CFC6D8002F98D9 /* LectureSummaryTableViewCell.swift */; };
		DFE3DD7126CFC6EE002F98D9 /* LectureBookTableViewCell.swift in Sources */ = {isa = PBXBuildFile; fileRef = DFE3DD7026CFC6EE002F98D9 /* LectureBookTableViewCell.swift */; };
		DFE3DD7326CFC700002F98D9 /* LectureRatingTableViewCell.swift in Sources */ = {isa = PBXBuildFile; fileRef = DFE3DD7226CFC700002F98D9 /* LectureRatingTableViewCell.swift */; };
		DFE3DD7526CFC715002F98D9 /* ReviewContentTableViewCell.swift in Sources */ = {isa = PBXBuildFile; fileRef = DFE3DD7426CFC715002F98D9 /* ReviewContentTableViewCell.swift */; };
		DFE3DD7726CFC728002F98D9 /* TestInfoTableViewCell.swift in Sources */ = {isa = PBXBuildFile; fileRef = DFE3DD7626CFC728002F98D9 /* TestInfoTableViewCell.swift */; };
		DFE3DD7A26CFC790002F98D9 /* LectureInfo.swift in Sources */ = {isa = PBXBuildFile; fileRef = DFE3DD7926CFC790002F98D9 /* LectureInfo.swift */; };
		DFEF018026A756290015829B /* Date+Formatter.swift in Sources */ = {isa = PBXBuildFile; fileRef = DFEF017F26A756290015829B /* Date+Formatter.swift */; };
		DFEF018226A756880015829B /* FreeBoardViewController.swift in Sources */ = {isa = PBXBuildFile; fileRef = DFEF018126A756880015829B /* FreeBoardViewController.swift */; };
		DFEF018426A756AF0015829B /* LectureReviewBoardViewController.swift in Sources */ = {isa = PBXBuildFile; fileRef = DFEF018326A756AF0015829B /* LectureReviewBoardViewController.swift */; };
		DFEF018626A756C80015829B /* Post.swift in Sources */ = {isa = PBXBuildFile; fileRef = DFEF018526A756C80015829B /* Post.swift */; };
		DFEF018826A756D90015829B /* Board.swift in Sources */ = {isa = PBXBuildFile; fileRef = DFEF018726A756D90015829B /* Board.swift */; };
		DFEF018A26A7571A0015829B /* FreeBoardTableViewCell.swift in Sources */ = {isa = PBXBuildFile; fileRef = DFEF018926A7571A0015829B /* FreeBoardTableViewCell.swift */; };
		F401BE1526D6AD32000C7898 /* PlaceTypeCollectionViewCell.swift in Sources */ = {isa = PBXBuildFile; fileRef = F401BE1426D6AD32000C7898 /* PlaceTypeCollectionViewCell.swift */; };
		F44389D826D2D33500B9A193 /* PlaceAnnotation.swift in Sources */ = {isa = PBXBuildFile; fileRef = F44389D726D2D33500B9A193 /* PlaceAnnotation.swift */; };
		F44389DB26D2DFC300B9A193 /* UIViewController+OpenUrl.swift in Sources */ = {isa = PBXBuildFile; fileRef = F44389DA26D2DFC300B9A193 /* UIViewController+OpenUrl.swift */; };
		F44389DE26D2E61400B9A193 /* PlaceSetting.storyboard in Resources */ = {isa = PBXBuildFile; fileRef = F44389DD26D2E61400B9A193 /* PlaceSetting.storyboard */; };
		F44389E226D2ED2A00B9A193 /* SetMapStyleViewController.swift in Sources */ = {isa = PBXBuildFile; fileRef = F44389E126D2ED2A00B9A193 /* SetMapStyleViewController.swift */; };
		F44389E526D2ED6F00B9A193 /* SetMapStyle.storyboard in Resources */ = {isa = PBXBuildFile; fileRef = F44389E426D2ED6F00B9A193 /* SetMapStyle.storyboard */; };
		F44389E826D2EF1A00B9A193 /* SetBrowser.storyboard in Resources */ = {isa = PBXBuildFile; fileRef = F44389E726D2EF1A00B9A193 /* SetBrowser.storyboard */; };
		F44389EA26D2F52400B9A193 /* SetBrowserTableViewController.swift in Sources */ = {isa = PBXBuildFile; fileRef = F44389E926D2F52400B9A193 /* SetBrowserTableViewController.swift */; };
		F4666A3126BAEF7800A7AFA5 /* PlaceMainViewController.swift in Sources */ = {isa = PBXBuildFile; fileRef = F4666A3026BAEF7800A7AFA5 /* PlaceMainViewController.swift */; };
		F4666A3326BAEF9600A7AFA5 /* PlaceMain.storyboard in Resources */ = {isa = PBXBuildFile; fileRef = F4666A3226BAEF9600A7AFA5 /* PlaceMain.storyboard */; };
		F4666A3726BAFFF900A7AFA5 /* NearbyPlaceCollectionViewCell.swift in Sources */ = {isa = PBXBuildFile; fileRef = F4666A3626BAFFF900A7AFA5 /* NearbyPlaceCollectionViewCell.swift */; };
		F48843A326ABE512005DB8A3 /* Review.swift in Sources */ = {isa = PBXBuildFile; fileRef = F488439026ABE512005DB8A3 /* Review.swift */; };
		F48843A426ABE512005DB8A3 /* Place.swift in Sources */ = {isa = PBXBuildFile; fileRef = F488439126ABE512005DB8A3 /* Place.swift */; };
		F48843A626ABE512005DB8A3 /* PlaceInfoViewController.swift in Sources */ = {isa = PBXBuildFile; fileRef = F488439526ABE512005DB8A3 /* PlaceInfoViewController.swift */; };
		F48843A726ABE512005DB8A3 /* PlaceInfo.storyboard in Resources */ = {isa = PBXBuildFile; fileRef = F488439626ABE512005DB8A3 /* PlaceInfo.storyboard */; };
		F48843A826ABE512005DB8A3 /* DetailTableViewCell.swift in Sources */ = {isa = PBXBuildFile; fileRef = F488439826ABE512005DB8A3 /* DetailTableViewCell.swift */; };
		F48843A926ABE512005DB8A3 /* GeneralReviewTableViewCell.swift in Sources */ = {isa = PBXBuildFile; fileRef = F488439926ABE512005DB8A3 /* GeneralReviewTableViewCell.swift */; };
		F48843AA26ABE512005DB8A3 /* InfoSectionTableViewCell.swift in Sources */ = {isa = PBXBuildFile; fileRef = F488439A26ABE512005DB8A3 /* InfoSectionTableViewCell.swift */; };
		F48843AD26ABE512005DB8A3 /* UserReviewTableViewCell.swift in Sources */ = {isa = PBXBuildFile; fileRef = F488439D26ABE512005DB8A3 /* UserReviewTableViewCell.swift */; };
		F48843AE26ABE512005DB8A3 /* TabSectionTableViewCell.swift in Sources */ = {isa = PBXBuildFile; fileRef = F488439E26ABE512005DB8A3 /* TabSectionTableViewCell.swift */; };
		F48843AF26ABE512005DB8A3 /* FirstSectionTableViewCell.swift in Sources */ = {isa = PBXBuildFile; fileRef = F488439F26ABE512005DB8A3 /* FirstSectionTableViewCell.swift */; };
		F48843B026ABE512005DB8A3 /* ReviewWriteTableViewController.swift in Sources */ = {isa = PBXBuildFile; fileRef = F48843A026ABE512005DB8A3 /* ReviewWriteTableViewController.swift */; };
		F48843B126ABE512005DB8A3 /* RoundedButton.swift in Sources */ = {isa = PBXBuildFile; fileRef = F48843A126ABE512005DB8A3 /* RoundedButton.swift */; };
		F48E1D5426BD9E2D00552C35 /* ReviewWrite.storyboard in Resources */ = {isa = PBXBuildFile; fileRef = F48E1D5326BD9E2D00552C35 /* ReviewWrite.storyboard */; };
		F4ABE8CF26D30D3200F54B3B /* UserPlaceInfo.swift in Sources */ = {isa = PBXBuildFile; fileRef = F4ABE8CE26D30D3200F54B3B /* UserPlaceInfo.swift */; };
		F4ABE8D226D38BDE00F54B3B /* ManageBookmark.storyboard in Resources */ = {isa = PBXBuildFile; fileRef = F4ABE8D126D38BDE00F54B3B /* ManageBookmark.storyboard */; };
		F4ABE8D426D38C1400F54B3B /* ManageBookmarkViewController.swift in Sources */ = {isa = PBXBuildFile; fileRef = F4ABE8D326D38C1400F54B3B /* ManageBookmarkViewController.swift */; };
		F4ABE8DB26D3B5BF00F54B3B /* BookmarkListTableViewCell.swift in Sources */ = {isa = PBXBuildFile; fileRef = F4ABE8DA26D3B5BF00F54B3B /* BookmarkListTableViewCell.swift */; };
		F4C1500926BEF4C300F763DB /* OpenURLViewController.storyboard in Resources */ = {isa = PBXBuildFile; fileRef = F4C1500826BEF4C300F763DB /* OpenURLViewController.storyboard */; };
		F50F9B5226B0F6CF007ABEF6 /* ComposeViewController.swift in Sources */ = {isa = PBXBuildFile; fileRef = F50F9B5126B0F6CF007ABEF6 /* ComposeViewController.swift */; };
		F50F9B5426B0F932007ABEF6 /* CommunityRuleViewController.swift in Sources */ = {isa = PBXBuildFile; fileRef = F50F9B5326B0F932007ABEF6 /* CommunityRuleViewController.swift */; };
		F53A427926BC73DE008D1698 /* ReCommentTableViewCell.swift in Sources */ = {isa = PBXBuildFile; fileRef = F53A427826BC73DE008D1698 /* ReCommentTableViewCell.swift */; };
		F53A427B26BC7FB0008D1698 /* (null) in Embed Frameworks */ = {isa = PBXBuildFile; settings = {ATTRIBUTES = (CodeSignOnCopy, RemoveHeadersOnCopy, ); }; };
		F560368726B9EE5C0093DDC7 /* CommentTableViewCell.swift in Sources */ = {isa = PBXBuildFile; fileRef = F560368626B9EE5C0093DDC7 /* CommentTableViewCell.swift */; };
		F5FBBAE326C27604006FE53E /* SelectImageViewController.swift in Sources */ = {isa = PBXBuildFile; fileRef = F5FBBAE226C27604006FE53E /* SelectImageViewController.swift */; };
		F5FBBAE526C2762A006FE53E /* ImageCollectionViewCell.swift in Sources */ = {isa = PBXBuildFile; fileRef = F5FBBAE426C2762A006FE53E /* ImageCollectionViewCell.swift */; };
		F5FBBAE926C27667006FE53E /* ComposeImageCollectionViewCell.swift in Sources */ = {isa = PBXBuildFile; fileRef = F5FBBAE826C27667006FE53E /* ComposeImageCollectionViewCell.swift */; };
/* End PBXBuildFile section */

/* Begin PBXCopyFilesBuildPhase section */
		F53A427C26BC7FB0008D1698 /* Embed Frameworks */ = {
			isa = PBXCopyFilesBuildPhase;
			buildActionMask = 2147483647;
			dstPath = "";
			dstSubfolderSpec = 10;
			files = (
				F53A427B26BC7FB0008D1698 /* (null) in Embed Frameworks */,
			);
			name = "Embed Frameworks";
			runOnlyForDeploymentPostprocessing = 0;
		};
/* End PBXCopyFilesBuildPhase section */

/* Begin PBXFileReference section */
		0F88941006F550F6F7C19381 /* Pods-UMate.release.xcconfig */ = {isa = PBXFileReference; includeInIndex = 1; lastKnownFileType = text.xcconfig; name = "Pods-UMate.release.xcconfig"; path = "Target Support Files/Pods-UMate/Pods-UMate.release.xcconfig"; sourceTree = "<group>"; };
		2C3D34BF26B6A3650036DF0A /* PlaceSearchViewController.swift */ = {isa = PBXFileReference; lastKnownFileType = sourcecode.swift; path = PlaceSearchViewController.swift; sourceTree = "<group>"; };
		2C3D34C126B6A3770036DF0A /* PlaceSearch.storyboard */ = {isa = PBXFileReference; lastKnownFileType = file.storyboard; path = PlaceSearch.storyboard; sourceTree = "<group>"; };
		2C3D34C426B6AD400036DF0A /* PlaceSearchCollectionViewCell.swift */ = {isa = PBXFileReference; lastKnownFileType = sourcecode.swift; path = PlaceSearchCollectionViewCell.swift; sourceTree = "<group>"; };
		2C3D34C626B6AF900036DF0A /* Search.swift */ = {isa = PBXFileReference; lastKnownFileType = sourcecode.swift; path = Search.swift; sourceTree = "<group>"; };
		2C715D9F26C043FE00B0B22B /* FilterViewController.swift */ = {isa = PBXFileReference; lastKnownFileType = sourcecode.swift; path = FilterViewController.swift; sourceTree = "<group>"; };
		2C715DA526C0514400B0B22B /* SearchHeaderCollectionViewCell.swift */ = {isa = PBXFileReference; lastKnownFileType = sourcecode.swift; path = SearchHeaderCollectionViewCell.swift; sourceTree = "<group>"; };
		2C715DA726C05E7100B0B22B /* AlignmentTableViewCell.swift */ = {isa = PBXFileReference; lastKnownFileType = sourcecode.swift; path = AlignmentTableViewCell.swift; sourceTree = "<group>"; };
		2C715DA926C0695E00B0B22B /* CategoryTableViewCell.swift */ = {isa = PBXFileReference; lastKnownFileType = sourcecode.swift; path = CategoryTableViewCell.swift; sourceTree = "<group>"; };
		2C715DAB26C072C100B0B22B /* StoreTypeTableViewCell.swift */ = {isa = PBXFileReference; lastKnownFileType = sourcecode.swift; path = StoreTypeTableViewCell.swift; sourceTree = "<group>"; };
		5C0D977626A768A600F396B7 /* UIViewController+Alert.swift */ = {isa = PBXFileReference; lastKnownFileType = sourcecode.swift; path = "UIViewController+Alert.swift"; sourceTree = "<group>"; };
		5C2141AE26BF059F00F93A84 /* UIButton+Extension.swift */ = {isa = PBXFileReference; lastKnownFileType = sourcecode.swift; path = "UIButton+Extension.swift"; sourceTree = "<group>"; };
		5C2141B026BF0A1400F93A84 /* ChooseEmailPasswordViewController.swift */ = {isa = PBXFileReference; lastKnownFileType = sourcecode.swift; path = ChooseEmailPasswordViewController.swift; sourceTree = "<group>"; };
		5C2141B226BF0F5B00F93A84 /* UIView+Extension.swift */ = {isa = PBXFileReference; lastKnownFileType = sourcecode.swift; path = "UIView+Extension.swift"; sourceTree = "<group>"; };
		5C2141B526BF162B00F93A84 /* ThemeSettingTableViewController.swift */ = {isa = PBXFileReference; lastKnownFileType = sourcecode.swift; path = ThemeSettingTableViewController.swift; sourceTree = "<group>"; };
		5C2141BB26BF1A1500F93A84 /* SetPasswordViewController.swift */ = {isa = PBXFileReference; lastKnownFileType = sourcecode.swift; path = SetPasswordViewController.swift; sourceTree = "<group>"; };
		5C44242D26B7586200A6C23B /* SchoolAuthTableViewController.swift */ = {isa = PBXFileReference; lastKnownFileType = sourcecode.swift; path = SchoolAuthTableViewController.swift; sourceTree = "<group>"; };
		5C733FDE26B0659A00C1AF21 /* LectureModel.swift */ = {isa = PBXFileReference; lastKnownFileType = sourcecode.swift; path = LectureModel.swift; sourceTree = "<group>"; };
		5C733FE026B07CB500C1AF21 /* FriendsListTableViewController.swift */ = {isa = PBXFileReference; lastKnownFileType = sourcecode.swift; path = FriendsListTableViewController.swift; sourceTree = "<group>"; };
		5C733FE226B07D7C00C1AF21 /* FriendsListViewController.swift */ = {isa = PBXFileReference; lastKnownFileType = sourcecode.swift; path = FriendsListViewController.swift; sourceTree = "<group>"; };
		5C733FE426B0839D00C1AF21 /* FriendLectureViewController.swift */ = {isa = PBXFileReference; lastKnownFileType = sourcecode.swift; path = FriendLectureViewController.swift; sourceTree = "<group>"; };
		5C7E4C4C26BD6FC9009DF776 /* CommonViewController.swift */ = {isa = PBXFileReference; lastKnownFileType = sourcecode.swift; path = CommonViewController.swift; sourceTree = "<group>"; };
		5C7E4C4E26BD6FD4009DF776 /* Dummy.swift */ = {isa = PBXFileReference; lastKnownFileType = sourcecode.swift; path = Dummy.swift; sourceTree = "<group>"; };
		5C7E4C5026BD71ED009DF776 /* CommonConstant.swift */ = {isa = PBXFileReference; lastKnownFileType = sourcecode.swift; path = CommonConstant.swift; sourceTree = "<group>"; };
		5C89D9D126C017F8000DB3D2 /* MakingPasswordViewController.swift */ = {isa = PBXFileReference; lastKnownFileType = sourcecode.swift; path = MakingPasswordViewController.swift; sourceTree = "<group>"; };
		5C89D9D626C05DEF000DB3D2 /* UMateRuleViewController.swift */ = {isa = PBXFileReference; lastKnownFileType = sourcecode.swift; path = UMateRuleViewController.swift; sourceTree = "<group>"; };
		5C89D9D826C07FB6000DB3D2 /* UIColor+Extension.swift */ = {isa = PBXFileReference; lastKnownFileType = sourcecode.swift; path = "UIColor+Extension.swift"; sourceTree = "<group>"; };
		5C89DA2026C29EDF000DB3D2 /* ChangeAppPasswordViewController.swift */ = {isa = PBXFileReference; lastKnownFileType = sourcecode.swift; path = ChangeAppPasswordViewController.swift; sourceTree = "<group>"; };
		5C92DD06269B4DEF0094A93C /* UMate.app */ = {isa = PBXFileReference; explicitFileType = wrapper.application; includeInIndex = 0; path = UMate.app; sourceTree = BUILT_PRODUCTS_DIR; };
		5C92DD09269B4DEF0094A93C /* AppDelegate.swift */ = {isa = PBXFileReference; lastKnownFileType = sourcecode.swift; path = AppDelegate.swift; sourceTree = "<group>"; };
		5C92DD0B269B4DEF0094A93C /* SceneDelegate.swift */ = {isa = PBXFileReference; lastKnownFileType = sourcecode.swift; path = SceneDelegate.swift; sourceTree = "<group>"; };
		5C92DD10269B4DEF0094A93C /* Base */ = {isa = PBXFileReference; lastKnownFileType = file.storyboard; name = Base; path = Base.lproj/Main.storyboard; sourceTree = "<group>"; };
		5C92DD12269B4DF00094A93C /* Assets.xcassets */ = {isa = PBXFileReference; lastKnownFileType = folder.assetcatalog; path = Assets.xcassets; sourceTree = "<group>"; };
		5C92DD15269B4DF00094A93C /* Base */ = {isa = PBXFileReference; lastKnownFileType = file.storyboard; name = Base; path = Base.lproj/LaunchScreen.storyboard; sourceTree = "<group>"; };
		5C92DD17269B4DF00094A93C /* Info.plist */ = {isa = PBXFileReference; lastKnownFileType = text.plist.xml; path = Info.plist; sourceTree = "<group>"; };
		5C92DD25269B4E850094A93C /* Home.storyboard */ = {isa = PBXFileReference; lastKnownFileType = file.storyboard; path = Home.storyboard; sourceTree = "<group>"; };
		5C92DD27269B4E890094A93C /* Board.storyboard */ = {isa = PBXFileReference; lastKnownFileType = file.storyboard; path = Board.storyboard; sourceTree = "<group>"; };
		5C92DD29269B4E8E0094A93C /* Timetable.storyboard */ = {isa = PBXFileReference; lastKnownFileType = file.storyboard; path = Timetable.storyboard; sourceTree = "<group>"; };
		5C92DD2F269B4EC00094A93C /* HomeViewController.swift */ = {isa = PBXFileReference; lastKnownFileType = sourcecode.swift; path = HomeViewController.swift; sourceTree = "<group>"; };
		5C92DD31269B4ED20094A93C /* BoardViewController.swift */ = {isa = PBXFileReference; lastKnownFileType = sourcecode.swift; path = BoardViewController.swift; sourceTree = "<group>"; };
		5C92DD33269B4EDF0094A93C /* TimetableViewController.swift */ = {isa = PBXFileReference; lastKnownFileType = sourcecode.swift; path = TimetableViewController.swift; sourceTree = "<group>"; };
		5C92DD39269BF8450094A93C /* Account.storyboard */ = {isa = PBXFileReference; lastKnownFileType = file.storyboard; path = Account.storyboard; sourceTree = "<group>"; };
		5C92DD3B269BF84E0094A93C /* AccountViewController.swift */ = {isa = PBXFileReference; lastKnownFileType = sourcecode.swift; path = AccountViewController.swift; sourceTree = "<group>"; };
		5CA0D8DB26BB11070098FBE4 /* PasswordCheckViewController.swift */ = {isa = PBXFileReference; lastKnownFileType = sourcecode.swift; path = PasswordCheckViewController.swift; sourceTree = "<group>"; };
		5CAFD3AC26A74B9D0002D0EC /* AddLectureTableViewController.swift */ = {isa = PBXFileReference; lastKnownFileType = sourcecode.swift; path = AddLectureTableViewController.swift; sourceTree = "<group>"; };
		5CB9104826B2C875001E24DC /* FriendSearchViewController.swift */ = {isa = PBXFileReference; lastKnownFileType = sourcecode.swift; path = FriendSearchViewController.swift; sourceTree = "<group>"; };
		5CD1F63926B9A7FB00441831 /* PasswordChangeViewController.swift */ = {isa = PBXFileReference; lastKnownFileType = sourcecode.swift; path = PasswordChangeViewController.swift; sourceTree = "<group>"; };
		5CD1F63B26B9B1F700441831 /* EmailChangeViewController.swift */ = {isa = PBXFileReference; lastKnownFileType = sourcecode.swift; path = EmailChangeViewController.swift; sourceTree = "<group>"; };
		6D3EC62826B10B6C00907A68 /* TermsOfConditionsTableViewController.swift */ = {isa = PBXFileReference; lastKnownFileType = sourcecode.swift; path = TermsOfConditionsTableViewController.swift; sourceTree = "<group>"; };
		6D42480426AAB8C300E1E138 /* Setting.storyboard */ = {isa = PBXFileReference; lastKnownFileType = file.storyboard; path = Setting.storyboard; sourceTree = "<group>"; };
		6D42480626AABFE500E1E138 /* SettingTableViewController.swift */ = {isa = PBXFileReference; lastKnownFileType = sourcecode.swift; path = SettingTableViewController.swift; sourceTree = "<group>"; };
		6D64F78026ADC9D3005BAC82 /* DropDownTableViewCell.swift */ = {isa = PBXFileReference; lastKnownFileType = sourcecode.swift; path = DropDownTableViewCell.swift; sourceTree = "<group>"; };
		6D64F78126ADC9D3005BAC82 /* DropDownTableViewCell.xib */ = {isa = PBXFileReference; lastKnownFileType = file.xib; path = DropDownTableViewCell.xib; sourceTree = "<group>"; };
		6D8019BF26A525900042A288 /* User.swift */ = {isa = PBXFileReference; lastKnownFileType = sourcecode.swift; path = User.swift; sourceTree = "<group>"; };
		6D88628726BD3FC700E22BF1 /* SearchLIstUniversityViewController.swift */ = {isa = PBXFileReference; lastKnownFileType = sourcecode.swift; path = SearchLIstUniversityViewController.swift; sourceTree = "<group>"; };
		6D8C063126C268F7005D34C5 /* StorageDataSource.swift */ = {isa = PBXFileReference; lastKnownFileType = sourcecode.swift; path = StorageDataSource.swift; sourceTree = "<group>"; };
		6D9D9A9026B03A180084C764 /* UniversityTitleData.swift */ = {isa = PBXFileReference; lastKnownFileType = sourcecode.swift; path = UniversityTitleData.swift; sourceTree = "<group>"; };
		6D9D9A9226B0788B0084C764 /* Termsandconditions.swift */ = {isa = PBXFileReference; lastKnownFileType = sourcecode.swift; path = Termsandconditions.swift; sourceTree = "<group>"; };
		6D9E0CEA26ABC7B300ABB37F /* RegisterViewController.swift */ = {isa = PBXFileReference; lastKnownFileType = sourcecode.swift; path = RegisterViewController.swift; sourceTree = "<group>"; };
		6D9E1FBD26B99D6F00A24ED9 /* ProfilePicturesViewController.swift */ = {isa = PBXFileReference; lastKnownFileType = sourcecode.swift; path = ProfilePicturesViewController.swift; sourceTree = "<group>"; };
		6D9E3AAE26B26B300038614D /* EmailVerifyViewController.swift */ = {isa = PBXFileReference; lastKnownFileType = sourcecode.swift; path = EmailVerifyViewController.swift; sourceTree = "<group>"; };
		6DA41EDF26C0C98200BC249B /* FIndPasswordandEmailTableViewController.swift */ = {isa = PBXFileReference; lastKnownFileType = sourcecode.swift; path = FIndPasswordandEmailTableViewController.swift; sourceTree = "<group>"; };
		6DA8990326B91CE900F81AD9 /* DetailRegisterViewController.swift */ = {isa = PBXFileReference; lastKnownFileType = sourcecode.swift; path = DetailRegisterViewController.swift; sourceTree = "<group>"; };
		A44BACD78B532E8BD2C03246 /* Pods_UMate.framework */ = {isa = PBXFileReference; explicitFileType = wrapper.framework; includeInIndex = 0; path = Pods_UMate.framework; sourceTree = BUILT_PRODUCTS_DIR; };
		D88044305CC805E9A5171E61 /* Pods-UMate.debug.xcconfig */ = {isa = PBXFileReference; includeInIndex = 1; lastKnownFileType = text.xcconfig; name = "Pods-UMate.debug.xcconfig"; path = "Target Support Files/Pods-UMate/Pods-UMate.debug.xcconfig"; sourceTree = "<group>"; };
		DF25EF3E26AFD4F300949AAB /* DetailPostViewController.swift */ = {isa = PBXFileReference; lastKnownFileType = sourcecode.swift; path = DetailPostViewController.swift; sourceTree = "<group>"; };
		DF25EF4126AFD54C00949AAB /* PostContentTableViewCell.swift */ = {isa = PBXFileReference; lastKnownFileType = sourcecode.swift; path = PostContentTableViewCell.swift; sourceTree = "<group>"; };
		DF25EF4326AFD59300949AAB /* PostImageTableViewCell.swift */ = {isa = PBXFileReference; lastKnownFileType = sourcecode.swift; path = PostImageTableViewCell.swift; sourceTree = "<group>"; };
		DF25EF4526AFD5EE00949AAB /* PostImageCollectionViewCell.swift */ = {isa = PBXFileReference; lastKnownFileType = sourcecode.swift; path = PostImageCollectionViewCell.swift; sourceTree = "<group>"; };
		DF25EF4B26AFDD1F00949AAB /* BoardCustomHeaderView.swift */ = {isa = PBXFileReference; lastKnownFileType = sourcecode.swift; path = BoardCustomHeaderView.swift; sourceTree = "<group>"; };
		DF27D74A26B936780046D7BF /* CategoryBoardViewController.swift */ = {isa = PBXFileReference; lastKnownFileType = sourcecode.swift; path = CategoryBoardViewController.swift; sourceTree = "<group>"; };
		DF27D74C26B937240046D7BF /* CategoryBoardCollectionViewCell.swift */ = {isa = PBXFileReference; lastKnownFileType = sourcecode.swift; path = CategoryBoardCollectionViewCell.swift; sourceTree = "<group>"; };
		DF2F6B0126C3BA74003827E8 /* ExpandPostImageCollectionViewCell.swift */ = {isa = PBXFileReference; lastKnownFileType = sourcecode.swift; path = ExpandPostImageCollectionViewCell.swift; sourceTree = "<group>"; };
		DF3EA85C26A4003100424E7E /* NonExpandableBoardTableViewCell.swift */ = {isa = PBXFileReference; lastKnownFileType = sourcecode.swift; path = NonExpandableBoardTableViewCell.swift; sourceTree = "<group>"; };
		DF40510626C05335009FCA17 /* SearchViewController.swift */ = {isa = PBXFileReference; lastKnownFileType = sourcecode.swift; path = SearchViewController.swift; sourceTree = "<group>"; };
		DF454E2426C2DAED0031F92C /* UIViewController+View.swift */ = {isa = PBXFileReference; lastKnownFileType = sourcecode.swift; path = "UIViewController+View.swift"; sourceTree = "<group>"; };
		DF454E2626C2E1450031F92C /* ExpandImageViewController.swift */ = {isa = PBXFileReference; lastKnownFileType = sourcecode.swift; path = ExpandImageViewController.swift; sourceTree = "<group>"; };
		DF46AEAB26A1C72C00435D94 /* ExpandableBoardTableViewCell.swift */ = {isa = PBXFileReference; lastKnownFileType = sourcecode.swift; path = ExpandableBoardTableViewCell.swift; sourceTree = "<group>"; };
		DFB9FE9726BDE330005D38D3 /* CountLabelTableViewCell.swift */ = {isa = PBXFileReference; lastKnownFileType = sourcecode.swift; path = CountLabelTableViewCell.swift; sourceTree = "<group>"; };
		DFE3DD5D26CFC474002F98D9 /* LectureReview.storyboard */ = {isa = PBXFileReference; fileEncoding = 4; lastKnownFileType = file.storyboard; path = LectureReview.storyboard; sourceTree = "<group>"; };
		DFE3DD6226CFC5C7002F98D9 /* DetailLectureReviewViewController.swift */ = {isa = PBXFileReference; lastKnownFileType = sourcecode.swift; path = DetailLectureReviewViewController.swift; sourceTree = "<group>"; };
		DFE3DD6526CFC624002F98D9 /* LectureReviewHeaderTableViewCell.swift */ = {isa = PBXFileReference; lastKnownFileType = sourcecode.swift; path = LectureReviewHeaderTableViewCell.swift; sourceTree = "<group>"; };
		DFE3DD6726CFC640002F98D9 /* LectureReviewTableViewCell.swift */ = {isa = PBXFileReference; lastKnownFileType = sourcecode.swift; path = LectureReviewTableViewCell.swift; sourceTree = "<group>"; };
		DFE3DD6A26CFC6A6002F98D9 /* SectionTitleCollectionViewCell.swift */ = {isa = PBXFileReference; lastKnownFileType = sourcecode.swift; path = SectionTitleCollectionViewCell.swift; sourceTree = "<group>"; };
		DFE3DD6C26CFC6C0002F98D9 /* DetailLectureHeaderTableViewCell.swift */ = {isa = PBXFileReference; lastKnownFileType = sourcecode.swift; path = DetailLectureHeaderTableViewCell.swift; sourceTree = "<group>"; };
		DFE3DD6E26CFC6D8002F98D9 /* LectureSummaryTableViewCell.swift */ = {isa = PBXFileReference; lastKnownFileType = sourcecode.swift; path = LectureSummaryTableViewCell.swift; sourceTree = "<group>"; };
		DFE3DD7026CFC6EE002F98D9 /* LectureBookTableViewCell.swift */ = {isa = PBXFileReference; lastKnownFileType = sourcecode.swift; path = LectureBookTableViewCell.swift; sourceTree = "<group>"; };
		DFE3DD7226CFC700002F98D9 /* LectureRatingTableViewCell.swift */ = {isa = PBXFileReference; lastKnownFileType = sourcecode.swift; path = LectureRatingTableViewCell.swift; sourceTree = "<group>"; };
		DFE3DD7426CFC715002F98D9 /* ReviewContentTableViewCell.swift */ = {isa = PBXFileReference; lastKnownFileType = sourcecode.swift; path = ReviewContentTableViewCell.swift; sourceTree = "<group>"; };
		DFE3DD7626CFC728002F98D9 /* TestInfoTableViewCell.swift */ = {isa = PBXFileReference; lastKnownFileType = sourcecode.swift; path = TestInfoTableViewCell.swift; sourceTree = "<group>"; };
		DFE3DD7926CFC790002F98D9 /* LectureInfo.swift */ = {isa = PBXFileReference; lastKnownFileType = sourcecode.swift; path = LectureInfo.swift; sourceTree = "<group>"; };
		DFEF017F26A756290015829B /* Date+Formatter.swift */ = {isa = PBXFileReference; lastKnownFileType = sourcecode.swift; path = "Date+Formatter.swift"; sourceTree = "<group>"; };
		DFEF018126A756880015829B /* FreeBoardViewController.swift */ = {isa = PBXFileReference; lastKnownFileType = sourcecode.swift; path = FreeBoardViewController.swift; sourceTree = "<group>"; };
		DFEF018326A756AF0015829B /* LectureReviewBoardViewController.swift */ = {isa = PBXFileReference; lastKnownFileType = sourcecode.swift; name = LectureReviewBoardViewController.swift; path = UMate/Board/LectureReviewBoardViewController.swift; sourceTree = SOURCE_ROOT; };
		DFEF018526A756C80015829B /* Post.swift */ = {isa = PBXFileReference; lastKnownFileType = sourcecode.swift; path = Post.swift; sourceTree = "<group>"; };
		DFEF018726A756D90015829B /* Board.swift */ = {isa = PBXFileReference; lastKnownFileType = sourcecode.swift; path = Board.swift; sourceTree = "<group>"; };
		DFEF018926A7571A0015829B /* FreeBoardTableViewCell.swift */ = {isa = PBXFileReference; lastKnownFileType = sourcecode.swift; path = FreeBoardTableViewCell.swift; sourceTree = "<group>"; };
		F401BE1426D6AD32000C7898 /* PlaceTypeCollectionViewCell.swift */ = {isa = PBXFileReference; lastKnownFileType = sourcecode.swift; path = PlaceTypeCollectionViewCell.swift; sourceTree = "<group>"; };
		F44389D726D2D33500B9A193 /* PlaceAnnotation.swift */ = {isa = PBXFileReference; lastKnownFileType = sourcecode.swift; path = PlaceAnnotation.swift; sourceTree = "<group>"; };
		F44389DA26D2DFC300B9A193 /* UIViewController+OpenUrl.swift */ = {isa = PBXFileReference; lastKnownFileType = sourcecode.swift; path = "UIViewController+OpenUrl.swift"; sourceTree = "<group>"; };
		F44389DD26D2E61400B9A193 /* PlaceSetting.storyboard */ = {isa = PBXFileReference; lastKnownFileType = file.storyboard; path = PlaceSetting.storyboard; sourceTree = "<group>"; };
		F44389E126D2ED2A00B9A193 /* SetMapStyleViewController.swift */ = {isa = PBXFileReference; lastKnownFileType = sourcecode.swift; path = SetMapStyleViewController.swift; sourceTree = "<group>"; };
		F44389E426D2ED6F00B9A193 /* SetMapStyle.storyboard */ = {isa = PBXFileReference; lastKnownFileType = file.storyboard; path = SetMapStyle.storyboard; sourceTree = "<group>"; };
		F44389E726D2EF1A00B9A193 /* SetBrowser.storyboard */ = {isa = PBXFileReference; lastKnownFileType = file.storyboard; path = SetBrowser.storyboard; sourceTree = "<group>"; };
		F44389E926D2F52400B9A193 /* SetBrowserTableViewController.swift */ = {isa = PBXFileReference; lastKnownFileType = sourcecode.swift; path = SetBrowserTableViewController.swift; sourceTree = "<group>"; };
		F4666A3026BAEF7800A7AFA5 /* PlaceMainViewController.swift */ = {isa = PBXFileReference; lastKnownFileType = sourcecode.swift; path = PlaceMainViewController.swift; sourceTree = "<group>"; };
		F4666A3226BAEF9600A7AFA5 /* PlaceMain.storyboard */ = {isa = PBXFileReference; lastKnownFileType = file.storyboard; path = PlaceMain.storyboard; sourceTree = "<group>"; };
		F4666A3626BAFFF900A7AFA5 /* NearbyPlaceCollectionViewCell.swift */ = {isa = PBXFileReference; lastKnownFileType = sourcecode.swift; path = NearbyPlaceCollectionViewCell.swift; sourceTree = "<group>"; };
		F488439026ABE512005DB8A3 /* Review.swift */ = {isa = PBXFileReference; fileEncoding = 4; lastKnownFileType = sourcecode.swift; path = Review.swift; sourceTree = "<group>"; };
		F488439126ABE512005DB8A3 /* Place.swift */ = {isa = PBXFileReference; fileEncoding = 4; lastKnownFileType = sourcecode.swift; path = Place.swift; sourceTree = "<group>"; };
		F488439526ABE512005DB8A3 /* PlaceInfoViewController.swift */ = {isa = PBXFileReference; fileEncoding = 4; lastKnownFileType = sourcecode.swift; path = PlaceInfoViewController.swift; sourceTree = "<group>"; };
		F488439626ABE512005DB8A3 /* PlaceInfo.storyboard */ = {isa = PBXFileReference; fileEncoding = 4; lastKnownFileType = file.storyboard; path = PlaceInfo.storyboard; sourceTree = "<group>"; };
		F488439826ABE512005DB8A3 /* DetailTableViewCell.swift */ = {isa = PBXFileReference; fileEncoding = 4; lastKnownFileType = sourcecode.swift; path = DetailTableViewCell.swift; sourceTree = "<group>"; };
		F488439926ABE512005DB8A3 /* GeneralReviewTableViewCell.swift */ = {isa = PBXFileReference; fileEncoding = 4; lastKnownFileType = sourcecode.swift; path = GeneralReviewTableViewCell.swift; sourceTree = "<group>"; };
		F488439A26ABE512005DB8A3 /* InfoSectionTableViewCell.swift */ = {isa = PBXFileReference; fileEncoding = 4; lastKnownFileType = sourcecode.swift; path = InfoSectionTableViewCell.swift; sourceTree = "<group>"; };
		F488439D26ABE512005DB8A3 /* UserReviewTableViewCell.swift */ = {isa = PBXFileReference; fileEncoding = 4; lastKnownFileType = sourcecode.swift; path = UserReviewTableViewCell.swift; sourceTree = "<group>"; };
		F488439E26ABE512005DB8A3 /* TabSectionTableViewCell.swift */ = {isa = PBXFileReference; fileEncoding = 4; lastKnownFileType = sourcecode.swift; path = TabSectionTableViewCell.swift; sourceTree = "<group>"; };
		F488439F26ABE512005DB8A3 /* FirstSectionTableViewCell.swift */ = {isa = PBXFileReference; fileEncoding = 4; lastKnownFileType = sourcecode.swift; path = FirstSectionTableViewCell.swift; sourceTree = "<group>"; };
		F48843A026ABE512005DB8A3 /* ReviewWriteTableViewController.swift */ = {isa = PBXFileReference; fileEncoding = 4; lastKnownFileType = sourcecode.swift; path = ReviewWriteTableViewController.swift; sourceTree = "<group>"; };
		F48843A126ABE512005DB8A3 /* RoundedButton.swift */ = {isa = PBXFileReference; fileEncoding = 4; lastKnownFileType = sourcecode.swift; path = RoundedButton.swift; sourceTree = "<group>"; };
		F48E1D5326BD9E2D00552C35 /* ReviewWrite.storyboard */ = {isa = PBXFileReference; lastKnownFileType = file.storyboard; path = ReviewWrite.storyboard; sourceTree = "<group>"; };
		F4ABE8CE26D30D3200F54B3B /* UserPlaceInfo.swift */ = {isa = PBXFileReference; lastKnownFileType = sourcecode.swift; path = UserPlaceInfo.swift; sourceTree = "<group>"; };
		F4ABE8D126D38BDE00F54B3B /* ManageBookmark.storyboard */ = {isa = PBXFileReference; lastKnownFileType = file.storyboard; path = ManageBookmark.storyboard; sourceTree = "<group>"; };
		F4ABE8D326D38C1400F54B3B /* ManageBookmarkViewController.swift */ = {isa = PBXFileReference; lastKnownFileType = sourcecode.swift; path = ManageBookmarkViewController.swift; sourceTree = "<group>"; };
		F4ABE8DA26D3B5BF00F54B3B /* BookmarkListTableViewCell.swift */ = {isa = PBXFileReference; lastKnownFileType = sourcecode.swift; path = BookmarkListTableViewCell.swift; sourceTree = "<group>"; };
		F4C1500826BEF4C300F763DB /* OpenURLViewController.storyboard */ = {isa = PBXFileReference; lastKnownFileType = file.storyboard; path = OpenURLViewController.storyboard; sourceTree = "<group>"; };
		F50F9B5126B0F6CF007ABEF6 /* ComposeViewController.swift */ = {isa = PBXFileReference; lastKnownFileType = sourcecode.swift; path = ComposeViewController.swift; sourceTree = "<group>"; };
		F50F9B5326B0F932007ABEF6 /* CommunityRuleViewController.swift */ = {isa = PBXFileReference; lastKnownFileType = sourcecode.swift; path = CommunityRuleViewController.swift; sourceTree = "<group>"; };
		F53A427826BC73DE008D1698 /* ReCommentTableViewCell.swift */ = {isa = PBXFileReference; lastKnownFileType = sourcecode.swift; path = ReCommentTableViewCell.swift; sourceTree = "<group>"; };
		F560368626B9EE5C0093DDC7 /* CommentTableViewCell.swift */ = {isa = PBXFileReference; lastKnownFileType = sourcecode.swift; path = CommentTableViewCell.swift; sourceTree = "<group>"; };
		F5FBBAE226C27604006FE53E /* SelectImageViewController.swift */ = {isa = PBXFileReference; lastKnownFileType = sourcecode.swift; path = SelectImageViewController.swift; sourceTree = "<group>"; };
		F5FBBAE426C2762A006FE53E /* ImageCollectionViewCell.swift */ = {isa = PBXFileReference; lastKnownFileType = sourcecode.swift; path = ImageCollectionViewCell.swift; sourceTree = "<group>"; };
		F5FBBAE826C27667006FE53E /* ComposeImageCollectionViewCell.swift */ = {isa = PBXFileReference; lastKnownFileType = sourcecode.swift; path = ComposeImageCollectionViewCell.swift; sourceTree = "<group>"; };
/* End PBXFileReference section */

/* Begin PBXFrameworksBuildPhase section */
		5C92DD03269B4DEF0094A93C /* Frameworks */ = {
			isa = PBXFrameworksBuildPhase;
			buildActionMask = 2147483647;
			files = (
				400F1BADFE2D2421EE7CBBC5 /* Pods_UMate.framework in Frameworks */,
			);
			runOnlyForDeploymentPostprocessing = 0;
		};
/* End PBXFrameworksBuildPhase section */

/* Begin PBXGroup section */
		2C3D34C326B6AD2B0036DF0A /* Cell */ = {
			isa = PBXGroup;
			children = (
				2C3D34C426B6AD400036DF0A /* PlaceSearchCollectionViewCell.swift */,
				2C715DA526C0514400B0B22B /* SearchHeaderCollectionViewCell.swift */,
				2C715DA726C05E7100B0B22B /* AlignmentTableViewCell.swift */,
				2C715DA926C0695E00B0B22B /* CategoryTableViewCell.swift */,
				2C715DAB26C072C100B0B22B /* StoreTypeTableViewCell.swift */,
			);
			path = Cell;
			sourceTree = "<group>";
		};
		5C2141B726BF198800F93A84 /* Account */ = {
			isa = PBXGroup;
			children = (
				5C2141B826BF199700F93A84 /* ViewController */,
			);
			path = Account;
			sourceTree = "<group>";
		};
		5C2141B826BF199700F93A84 /* ViewController */ = {
			isa = PBXGroup;
			children = (
				5CD1F63B26B9B1F700441831 /* EmailChangeViewController.swift */,
				5C2141B026BF0A1400F93A84 /* ChooseEmailPasswordViewController.swift */,
				5C44242D26B7586200A6C23B /* SchoolAuthTableViewController.swift */,
				6D42480626AABFE500E1E138 /* SettingTableViewController.swift */,
				5CA0D8DB26BB11070098FBE4 /* PasswordCheckViewController.swift */,
				5CD1F63926B9A7FB00441831 /* PasswordChangeViewController.swift */,
			);
			path = ViewController;
			sourceTree = "<group>";
		};
		5C2141B926BF19B700F93A84 /* App */ = {
			isa = PBXGroup;
			children = (
				5C2141BA26BF19DB00F93A84 /* ViewController */,
			);
			path = App;
			sourceTree = "<group>";
		};
		5C2141BA26BF19DB00F93A84 /* ViewController */ = {
			isa = PBXGroup;
			children = (
				5C2141B526BF162B00F93A84 /* ThemeSettingTableViewController.swift */,
				5C2141BB26BF1A1500F93A84 /* SetPasswordViewController.swift */,
				5C89D9D126C017F8000DB3D2 /* MakingPasswordViewController.swift */,
				5C89DA2026C29EDF000DB3D2 /* ChangeAppPasswordViewController.swift */,
			);
			path = ViewController;
			sourceTree = "<group>";
		};
		5C7E4BE426BC1957009DF776 /* Extension */ = {
			isa = PBXGroup;
			children = (
				5C0D977626A768A600F396B7 /* UIViewController+Alert.swift */,
				DF454E2426C2DAED0031F92C /* UIViewController+View.swift */,
				DFEF017F26A756290015829B /* Date+Formatter.swift */,
				5C2141AE26BF059F00F93A84 /* UIButton+Extension.swift */,
				5C2141B226BF0F5B00F93A84 /* UIView+Extension.swift */,
				5C89D9D826C07FB6000DB3D2 /* UIColor+Extension.swift */,
			);
			path = Extension;
			sourceTree = "<group>";
		};
		5C7E4C4926BD6F84009DF776 /* Common */ = {
			isa = PBXGroup;
			children = (
				5C7E4C5026BD71ED009DF776 /* CommonConstant.swift */,
				5C7E4C4C26BD6FC9009DF776 /* CommonViewController.swift */,
				F48843A126ABE512005DB8A3 /* RoundedButton.swift */,
				5C7E4C4E26BD6FD4009DF776 /* Dummy.swift */,
			);
			path = Common;
			sourceTree = "<group>";
		};
		5C7E4C5526BD9031009DF776 /* Model */ = {
			isa = PBXGroup;
			children = (
				5C733FDE26B0659A00C1AF21 /* LectureModel.swift */,
			);
			path = Model;
			sourceTree = "<group>";
		};
		5C7E4C5826BD917C009DF776 /* ViewController */ = {
			isa = PBXGroup;
			children = (
				5CAFD3AC26A74B9D0002D0EC /* AddLectureTableViewController.swift */,
				5C733FE026B07CB500C1AF21 /* FriendsListTableViewController.swift */,
				5C733FE426B0839D00C1AF21 /* FriendLectureViewController.swift */,
				5C733FE226B07D7C00C1AF21 /* FriendsListViewController.swift */,
				5CB9104826B2C875001E24DC /* FriendSearchViewController.swift */,
				5C92DD33269B4EDF0094A93C /* TimetableViewController.swift */,
			);
			path = ViewController;
			sourceTree = "<group>";
		};
		5C89D9D326C05DA8000DB3D2 /* Community */ = {
			isa = PBXGroup;
			children = (
				5C89D9D626C05DEF000DB3D2 /* UMateRuleViewController.swift */,
			);
			path = Community;
			sourceTree = "<group>";
		};
		5C92DCFD269B4DEF0094A93C = {
			isa = PBXGroup;
			children = (
				5C92DD08269B4DEF0094A93C /* UMate */,
				5C92DD07269B4DEF0094A93C /* Products */,
				EDA9F6209A6ED419EF4D01D4 /* Pods */,
				8BB8BF4864077488367EF127 /* Frameworks */,
			);
			sourceTree = "<group>";
		};
		5C92DD07269B4DEF0094A93C /* Products */ = {
			isa = PBXGroup;
			children = (
				5C92DD06269B4DEF0094A93C /* UMate.app */,
			);
			name = Products;
			sourceTree = "<group>";
		};
		5C92DD08269B4DEF0094A93C /* UMate */ = {
			isa = PBXGroup;
			children = (
				5C7E4C4926BD6F84009DF776 /* Common */,
				5C7E4BE426BC1957009DF776 /* Extension */,
				5C92DD22269B4E700094A93C /* Account */,
				6D42480326AAB89A00E1E138 /* Setting */,
				5C92DD21269B4E6D0094A93C /* Home */,
				5C92DD20269B4E670094A93C /* Board */,
				5C92DD1F269B4E5D0094A93C /* Timetable */,
				F488438D26ABE512005DB8A3 /* Place */,
				5C92DD09269B4DEF0094A93C /* AppDelegate.swift */,
				5C92DD0B269B4DEF0094A93C /* SceneDelegate.swift */,
				5C92DD0F269B4DEF0094A93C /* Main.storyboard */,
				5C92DD12269B4DF00094A93C /* Assets.xcassets */,
				5C92DD14269B4DF00094A93C /* LaunchScreen.storyboard */,
				5C92DD17269B4DF00094A93C /* Info.plist */,
			);
			path = UMate;
			sourceTree = "<group>";
		};
		5C92DD1F269B4E5D0094A93C /* Timetable */ = {
			isa = PBXGroup;
			children = (
				5C7E4C5826BD917C009DF776 /* ViewController */,
				5C7E4C5526BD9031009DF776 /* Model */,
				5C92DD29269B4E8E0094A93C /* Timetable.storyboard */,
			);
			path = Timetable;
			sourceTree = "<group>";
		};
		5C92DD20269B4E670094A93C /* Board */ = {
			isa = PBXGroup;
			children = (
				5C92DD27269B4E890094A93C /* Board.storyboard */,
				5C92DD31269B4ED20094A93C /* BoardViewController.swift */,
				DFEF018126A756880015829B /* FreeBoardViewController.swift */,
				DF27D74A26B936780046D7BF /* CategoryBoardViewController.swift */,
				F50F9B5126B0F6CF007ABEF6 /* ComposeViewController.swift */,
				F5FBBAE226C27604006FE53E /* SelectImageViewController.swift */,
				F50F9B5326B0F932007ABEF6 /* CommunityRuleViewController.swift */,
				DF25EF3E26AFD4F300949AAB /* DetailPostViewController.swift */,
				DF454E2626C2E1450031F92C /* ExpandImageViewController.swift */,
				DF40510626C05335009FCA17 /* SearchViewController.swift */,
				DF46AEAA26A1C70A00435D94 /* Cell */,
				DF3EA85926A3FF4500424E7E /* Model */,
				DF25EF4A26AFDD0100949AAB /* View */,
				DFE3DD5F26CFC4BD002F98D9 /* LectureReview */,
			);
			path = Board;
			sourceTree = "<group>";
		};
		5C92DD21269B4E6D0094A93C /* Home */ = {
			isa = PBXGroup;
			children = (
				5C92DD25269B4E850094A93C /* Home.storyboard */,
				5C92DD2F269B4EC00094A93C /* HomeViewController.swift */,
			);
			path = Home;
			sourceTree = "<group>";
		};
		5C92DD22269B4E700094A93C /* Account */ = {
			isa = PBXGroup;
			children = (
				6D64F77F26ADC996005BAC82 /* Cell */,
				6D9E0CED26ABC99D00ABB37F /* Resource */,
				6D9E0CEC26ABC7C600ABB37F /* VC */,
				6D8019BE26A525470042A288 /* dummy */,
				5C92DD39269BF8450094A93C /* Account.storyboard */,
			);
			path = Account;
			sourceTree = "<group>";
		};
		6D42480326AAB89A00E1E138 /* Setting */ = {
			isa = PBXGroup;
			children = (
				6DA41EDE26C09DE600BC249B /* ProfileImageVC */,
				5C89D9D326C05DA8000DB3D2 /* Community */,
				5C2141B926BF19B700F93A84 /* App */,
				5C2141B726BF198800F93A84 /* Account */,
				6D42480426AAB8C300E1E138 /* Setting.storyboard */,
			);
			path = Setting;
			sourceTree = "<group>";
		};
		6D64F77F26ADC996005BAC82 /* Cell */ = {
			isa = PBXGroup;
			children = (
				6D64F78026ADC9D3005BAC82 /* DropDownTableViewCell.swift */,
				6D64F78126ADC9D3005BAC82 /* DropDownTableViewCell.xib */,
			);
			path = Cell;
			sourceTree = "<group>";
		};
		6D8019BE26A525470042A288 /* dummy */ = {
			isa = PBXGroup;
			children = (
				6D8019BF26A525900042A288 /* User.swift */,
			);
			path = dummy;
			sourceTree = "<group>";
		};
		6D9E0CEC26ABC7C600ABB37F /* VC */ = {
			isa = PBXGroup;
			children = (
				5C92DD3B269BF84E0094A93C /* AccountViewController.swift */,
				6D9E0CEA26ABC7B300ABB37F /* RegisterViewController.swift */,
				6D3EC62826B10B6C00907A68 /* TermsOfConditionsTableViewController.swift */,
				6D9E3AAE26B26B300038614D /* EmailVerifyViewController.swift */,
				6DA8990326B91CE900F81AD9 /* DetailRegisterViewController.swift */,
				6D9E1FBD26B99D6F00A24ED9 /* ProfilePicturesViewController.swift */,
				6D88628726BD3FC700E22BF1 /* SearchLIstUniversityViewController.swift */,
				6DA41EDF26C0C98200BC249B /* FIndPasswordandEmailTableViewController.swift */,
			);
			path = VC;
			sourceTree = "<group>";
		};
		6D9E0CED26ABC99D00ABB37F /* Resource */ = {
			isa = PBXGroup;
			children = (
				6D9D9A9026B03A180084C764 /* UniversityTitleData.swift */,
				6D9D9A9226B0788B0084C764 /* Termsandconditions.swift */,
				6D8C063126C268F7005D34C5 /* StorageDataSource.swift */,
			);
			path = Resource;
			sourceTree = "<group>";
		};
		6DA41EDE26C09DE600BC249B /* ProfileImageVC */ = {
			isa = PBXGroup;
			children = (
			);
			path = ProfileImageVC;
			sourceTree = "<group>";
		};
		8BB8BF4864077488367EF127 /* Frameworks */ = {
			isa = PBXGroup;
			children = (
				A44BACD78B532E8BD2C03246 /* Pods_UMate.framework */,
			);
			name = Frameworks;
			sourceTree = "<group>";
		};
		DF25EF4026AFD51B00949AAB /* DetailPostCell */ = {
			isa = PBXGroup;
			children = (
				DF25EF4126AFD54C00949AAB /* PostContentTableViewCell.swift */,
				DF25EF4326AFD59300949AAB /* PostImageTableViewCell.swift */,
				DF25EF4526AFD5EE00949AAB /* PostImageCollectionViewCell.swift */,
				DFB9FE9726BDE330005D38D3 /* CountLabelTableViewCell.swift */,
				F560368626B9EE5C0093DDC7 /* CommentTableViewCell.swift */,
				F53A427826BC73DE008D1698 /* ReCommentTableViewCell.swift */,
			);
			path = DetailPostCell;
			sourceTree = "<group>";
		};
		DF25EF4A26AFDD0100949AAB /* View */ = {
			isa = PBXGroup;
			children = (
				DF25EF4B26AFDD1F00949AAB /* BoardCustomHeaderView.swift */,
			);
			path = View;
			sourceTree = "<group>";
		};
		DF3EA85926A3FF4500424E7E /* Model */ = {
			isa = PBXGroup;
			children = (
				DFEF018526A756C80015829B /* Post.swift */,
				DFEF018726A756D90015829B /* Board.swift */,
			);
			path = Model;
			sourceTree = "<group>";
		};
		DF46AEAA26A1C70A00435D94 /* Cell */ = {
			isa = PBXGroup;
			children = (
				DF3EA85C26A4003100424E7E /* NonExpandableBoardTableViewCell.swift */,
				DF46AEAB26A1C72C00435D94 /* ExpandableBoardTableViewCell.swift */,
				DFEF018926A7571A0015829B /* FreeBoardTableViewCell.swift */,
				DF27D74C26B937240046D7BF /* CategoryBoardCollectionViewCell.swift */,
				DF2F6B0126C3BA74003827E8 /* ExpandPostImageCollectionViewCell.swift */,
				F5FBBAE426C2762A006FE53E /* ImageCollectionViewCell.swift */,
				F5FBBAE826C27667006FE53E /* ComposeImageCollectionViewCell.swift */,
				DF25EF4026AFD51B00949AAB /* DetailPostCell */,
			);
			path = Cell;
			sourceTree = "<group>";
		};
		DFE3DD5F26CFC4BD002F98D9 /* LectureReview */ = {
			isa = PBXGroup;
			children = (
				DFE3DD5D26CFC474002F98D9 /* LectureReview.storyboard */,
				DFEF018326A756AF0015829B /* LectureReviewBoardViewController.swift */,
				DFE3DD6226CFC5C7002F98D9 /* DetailLectureReviewViewController.swift */,
				DFE3DD6426CFC60A002F98D9 /* Cell */,
				DFE3DD7826CFC730002F98D9 /* Model */,
			);
			path = LectureReview;
			sourceTree = "<group>";
		};
		DFE3DD6426CFC60A002F98D9 /* Cell */ = {
			isa = PBXGroup;
			children = (
				DFE3DD6526CFC624002F98D9 /* LectureReviewHeaderTableViewCell.swift */,
				DFE3DD6726CFC640002F98D9 /* LectureReviewTableViewCell.swift */,
				DFE3DD6926CFC671002F98D9 /* DetailLectureCell */,
			);
			path = Cell;
			sourceTree = "<group>";
		};
		DFE3DD6926CFC671002F98D9 /* DetailLectureCell */ = {
			isa = PBXGroup;
			children = (
				DFE3DD6A26CFC6A6002F98D9 /* SectionTitleCollectionViewCell.swift */,
				DFE3DD6C26CFC6C0002F98D9 /* DetailLectureHeaderTableViewCell.swift */,
				DFE3DD6E26CFC6D8002F98D9 /* LectureSummaryTableViewCell.swift */,
				DFE3DD7026CFC6EE002F98D9 /* LectureBookTableViewCell.swift */,
				DFE3DD7226CFC700002F98D9 /* LectureRatingTableViewCell.swift */,
				DFE3DD7426CFC715002F98D9 /* ReviewContentTableViewCell.swift */,
				DFE3DD7626CFC728002F98D9 /* TestInfoTableViewCell.swift */,
			);
			path = DetailLectureCell;
			sourceTree = "<group>";
		};
		DFE3DD7826CFC730002F98D9 /* Model */ = {
			isa = PBXGroup;
			children = (
				DFE3DD7926CFC790002F98D9 /* LectureInfo.swift */,
			);
			path = Model;
			sourceTree = "<group>";
		};
		EDA9F6209A6ED419EF4D01D4 /* Pods */ = {
			isa = PBXGroup;
			children = (
				D88044305CC805E9A5171E61 /* Pods-UMate.debug.xcconfig */,
				0F88941006F550F6F7C19381 /* Pods-UMate.release.xcconfig */,
			);
			path = Pods;
			sourceTree = "<group>";
		};
		F44389D926D2DF9600B9A193 /* OpenUrl */ = {
			isa = PBXGroup;
			children = (
				F4C1500826BEF4C300F763DB /* OpenURLViewController.storyboard */,
				F44389DA26D2DFC300B9A193 /* UIViewController+OpenUrl.swift */,
			);
			path = OpenUrl;
			sourceTree = "<group>";
		};
		F44389DC26D2E2ED00B9A193 /* PlaceSetting */ = {
			isa = PBXGroup;
			children = (
				F44389DD26D2E61400B9A193 /* PlaceSetting.storyboard */,
				F4ABE8D026D38BA900F54B3B /* ManageBookmark */,
				F44389E326D2ED4D00B9A193 /* SetMapStyle */,
				F44389E626D2ED7700B9A193 /* SetBrowser */,
			);
			path = PlaceSetting;
			sourceTree = "<group>";
		};
		F44389E326D2ED4D00B9A193 /* SetMapStyle */ = {
			isa = PBXGroup;
			children = (
				F44389E426D2ED6F00B9A193 /* SetMapStyle.storyboard */,
				F44389E126D2ED2A00B9A193 /* SetMapStyleViewController.swift */,
			);
			path = SetMapStyle;
			sourceTree = "<group>";
		};
		F44389E626D2ED7700B9A193 /* SetBrowser */ = {
			isa = PBXGroup;
			children = (
				F44389E726D2EF1A00B9A193 /* SetBrowser.storyboard */,
				F44389E926D2F52400B9A193 /* SetBrowserTableViewController.swift */,
			);
			path = SetBrowser;
			sourceTree = "<group>";
		};
		F4666A2F26BAEF6200A7AFA5 /* PlaceMain */ = {
			isa = PBXGroup;
			children = (
				F4666A3226BAEF9600A7AFA5 /* PlaceMain.storyboard */,
				F4666A3026BAEF7800A7AFA5 /* PlaceMainViewController.swift */,
				F4666A3626BAFFF900A7AFA5 /* NearbyPlaceCollectionViewCell.swift */,
				F44389D726D2D33500B9A193 /* PlaceAnnotation.swift */,
			);
			path = PlaceMain;
			sourceTree = "<group>";
		};
		F488438D26ABE512005DB8A3 /* Place */ = {
			isa = PBXGroup;
			children = (
				F488438F26ABE512005DB8A3 /* Model */,
				F4666A2F26BAEF6200A7AFA5 /* PlaceMain */,
				F44389DC26D2E2ED00B9A193 /* PlaceSetting */,
				F488439226ABE512005DB8A3 /* PlaceSearch */,
				F488439426ABE512005DB8A3 /* PlaceInfo */,
				F48E1D5226BD9D4A00552C35 /* ReviewWrite */,
			);
			path = Place;
			sourceTree = "<group>";
		};
		F488438F26ABE512005DB8A3 /* Model */ = {
			isa = PBXGroup;
			children = (
				F488439126ABE512005DB8A3 /* Place.swift */,
				2C3D34C626B6AF900036DF0A /* Search.swift */,
				F488439026ABE512005DB8A3 /* Review.swift */,
				F4ABE8CE26D30D3200F54B3B /* UserPlaceInfo.swift */,
			);
			path = Model;
			sourceTree = "<group>";
		};
		F488439226ABE512005DB8A3 /* PlaceSearch */ = {
			isa = PBXGroup;
			children = (
				2C3D34C126B6A3770036DF0A /* PlaceSearch.storyboard */,
				2C3D34BF26B6A3650036DF0A /* PlaceSearchViewController.swift */,
				2C715D9F26C043FE00B0B22B /* FilterViewController.swift */,
				2C3D34C326B6AD2B0036DF0A /* Cell */,
			);
			path = PlaceSearch;
			sourceTree = "<group>";
		};
		F488439426ABE512005DB8A3 /* PlaceInfo */ = {
			isa = PBXGroup;
			children = (
				F44389D926D2DF9600B9A193 /* OpenUrl */,
				F488439626ABE512005DB8A3 /* PlaceInfo.storyboard */,
				F488439526ABE512005DB8A3 /* PlaceInfoViewController.swift */,
				F488439726ABE512005DB8A3 /* Cell */,
			);
			path = PlaceInfo;
			sourceTree = "<group>";
		};
		F488439726ABE512005DB8A3 /* Cell */ = {
			isa = PBXGroup;
			children = (
				F488439F26ABE512005DB8A3 /* FirstSectionTableViewCell.swift */,
				F488439A26ABE512005DB8A3 /* InfoSectionTableViewCell.swift */,
				F488439E26ABE512005DB8A3 /* TabSectionTableViewCell.swift */,
				F488439826ABE512005DB8A3 /* DetailTableViewCell.swift */,
				F488439926ABE512005DB8A3 /* GeneralReviewTableViewCell.swift */,
				F488439D26ABE512005DB8A3 /* UserReviewTableViewCell.swift */,
			);
			path = Cell;
			sourceTree = "<group>";
		};
		F48E1D5226BD9D4A00552C35 /* ReviewWrite */ = {
			isa = PBXGroup;
			children = (
				F48E1D5326BD9E2D00552C35 /* ReviewWrite.storyboard */,
				F48843A026ABE512005DB8A3 /* ReviewWriteTableViewController.swift */,
			);
			path = ReviewWrite;
			sourceTree = "<group>";
		};
		F4ABE8D026D38BA900F54B3B /* ManageBookmark */ = {
			isa = PBXGroup;
			children = (
				F4ABE8D126D38BDE00F54B3B /* ManageBookmark.storyboard */,
				F4ABE8D326D38C1400F54B3B /* ManageBookmarkViewController.swift */,
				F4ABE8D526D3951500F54B3B /* Cell */,
			);
			path = ManageBookmark;
			sourceTree = "<group>";
		};
		F4ABE8D526D3951500F54B3B /* Cell */ = {
			isa = PBXGroup;
			children = (
				F401BE1426D6AD32000C7898 /* PlaceTypeCollectionViewCell.swift */,
				F4ABE8DA26D3B5BF00F54B3B /* BookmarkListTableViewCell.swift */,
			);
			path = Cell;
			sourceTree = "<group>";
		};
/* End PBXGroup section */

/* Begin PBXNativeTarget section */
		5C92DD05269B4DEF0094A93C /* UMate */ = {
			isa = PBXNativeTarget;
			buildConfigurationList = 5C92DD1A269B4DF00094A93C /* Build configuration list for PBXNativeTarget "UMate" */;
			buildPhases = (
				96856B9E936DDB7D3AFC6709 /* [CP] Check Pods Manifest.lock */,
				5C92DD02269B4DEF0094A93C /* Sources */,
				5C92DD03269B4DEF0094A93C /* Frameworks */,
				5C92DD04269B4DEF0094A93C /* Resources */,
				F53A427C26BC7FB0008D1698 /* Embed Frameworks */,
				522BB46F5690B973A4C08D4E /* [CP] Embed Pods Frameworks */,
			);
			buildRules = (
			);
			dependencies = (
			);
			name = UMate;
			productName = UMate;
			productReference = 5C92DD06269B4DEF0094A93C /* UMate.app */;
			productType = "com.apple.product-type.application";
		};
/* End PBXNativeTarget section */

/* Begin PBXProject section */
		5C92DCFE269B4DEF0094A93C /* Project object */ = {
			isa = PBXProject;
			attributes = {
				LastSwiftUpdateCheck = 1250;
				LastUpgradeCheck = 1250;
				TargetAttributes = {
					5C92DD05269B4DEF0094A93C = {
						CreatedOnToolsVersion = 12.5;
					};
				};
			};
			buildConfigurationList = 5C92DD01269B4DEF0094A93C /* Build configuration list for PBXProject "UMate" */;
			compatibilityVersion = "Xcode 9.3";
			developmentRegion = en;
			hasScannedForEncodings = 0;
			knownRegions = (
				en,
				Base,
			);
			mainGroup = 5C92DCFD269B4DEF0094A93C;
			productRefGroup = 5C92DD07269B4DEF0094A93C /* Products */;
			projectDirPath = "";
			projectRoot = "";
			targets = (
				5C92DD05269B4DEF0094A93C /* UMate */,
			);
		};
/* End PBXProject section */

/* Begin PBXResourcesBuildPhase section */
		5C92DD04269B4DEF0094A93C /* Resources */ = {
			isa = PBXResourcesBuildPhase;
			buildActionMask = 2147483647;
			files = (
				5C92DD28269B4E890094A93C /* Board.storyboard in Resources */,
				DFE3DD5E26CFC474002F98D9 /* LectureReview.storyboard in Resources */,
				5C92DD26269B4E850094A93C /* Home.storyboard in Resources */,
				F44389E826D2EF1A00B9A193 /* SetBrowser.storyboard in Resources */,
				F4C1500926BEF4C300F763DB /* OpenURLViewController.storyboard in Resources */,
				F48843A726ABE512005DB8A3 /* PlaceInfo.storyboard in Resources */,
				F4666A3326BAEF9600A7AFA5 /* PlaceMain.storyboard in Resources */,
				5C92DD16269B4DF00094A93C /* LaunchScreen.storyboard in Resources */,
				F48E1D5426BD9E2D00552C35 /* ReviewWrite.storyboard in Resources */,
				5C92DD13269B4DF00094A93C /* Assets.xcassets in Resources */,
				F44389E526D2ED6F00B9A193 /* SetMapStyle.storyboard in Resources */,
				6D42480526AAB8C300E1E138 /* Setting.storyboard in Resources */,
				5C92DD2A269B4E8E0094A93C /* Timetable.storyboard in Resources */,
				2C3D34C226B6A3770036DF0A /* PlaceSearch.storyboard in Resources */,
				5C92DD3A269BF8450094A93C /* Account.storyboard in Resources */,
				5C92DD11269B4DEF0094A93C /* Main.storyboard in Resources */,
				6D64F78326ADC9D3005BAC82 /* DropDownTableViewCell.xib in Resources */,
				F44389DE26D2E61400B9A193 /* PlaceSetting.storyboard in Resources */,
				F4ABE8D226D38BDE00F54B3B /* ManageBookmark.storyboard in Resources */,
			);
			runOnlyForDeploymentPostprocessing = 0;
		};
/* End PBXResourcesBuildPhase section */

/* Begin PBXShellScriptBuildPhase section */
		522BB46F5690B973A4C08D4E /* [CP] Embed Pods Frameworks */ = {
			isa = PBXShellScriptBuildPhase;
			buildActionMask = 2147483647;
			files = (
			);
			inputFileListPaths = (
				"${PODS_ROOT}/Target Support Files/Pods-UMate/Pods-UMate-frameworks-${CONFIGURATION}-input-files.xcfilelist",
			);
			name = "[CP] Embed Pods Frameworks";
			outputFileListPaths = (
				"${PODS_ROOT}/Target Support Files/Pods-UMate/Pods-UMate-frameworks-${CONFIGURATION}-output-files.xcfilelist",
			);
			runOnlyForDeploymentPostprocessing = 0;
			shellPath = /bin/sh;
			shellScript = "\"${PODS_ROOT}/Target Support Files/Pods-UMate/Pods-UMate-frameworks.sh\"\n";
			showEnvVarsInLog = 0;
		};
		96856B9E936DDB7D3AFC6709 /* [CP] Check Pods Manifest.lock */ = {
			isa = PBXShellScriptBuildPhase;
			buildActionMask = 2147483647;
			files = (
			);
			inputFileListPaths = (
			);
			inputPaths = (
				"${PODS_PODFILE_DIR_PATH}/Podfile.lock",
				"${PODS_ROOT}/Manifest.lock",
			);
			name = "[CP] Check Pods Manifest.lock";
			outputFileListPaths = (
			);
			outputPaths = (
				"$(DERIVED_FILE_DIR)/Pods-UMate-checkManifestLockResult.txt",
			);
			runOnlyForDeploymentPostprocessing = 0;
			shellPath = /bin/sh;
			shellScript = "diff \"${PODS_PODFILE_DIR_PATH}/Podfile.lock\" \"${PODS_ROOT}/Manifest.lock\" > /dev/null\nif [ $? != 0 ] ; then\n    # print error to STDERR\n    echo \"error: The sandbox is not in sync with the Podfile.lock. Run 'pod install' or update your CocoaPods installation.\" >&2\n    exit 1\nfi\n# This output is used by Xcode 'outputs' to avoid re-running this script phase.\necho \"SUCCESS\" > \"${SCRIPT_OUTPUT_FILE_0}\"\n";
			showEnvVarsInLog = 0;
		};
/* End PBXShellScriptBuildPhase section */

/* Begin PBXSourcesBuildPhase section */
		5C92DD02269B4DEF0094A93C /* Sources */ = {
			isa = PBXSourcesBuildPhase;
			buildActionMask = 2147483647;
			files = (
				F44389DB26D2DFC300B9A193 /* UIViewController+OpenUrl.swift in Sources */,
				F44389E226D2ED2A00B9A193 /* SetMapStyleViewController.swift in Sources */,
				5C44242E26B7586200A6C23B /* SchoolAuthTableViewController.swift in Sources */,
				2C3D34C526B6AD400036DF0A /* PlaceSearchCollectionViewCell.swift in Sources */,
				DFE3DD6326CFC5C7002F98D9 /* DetailLectureReviewViewController.swift in Sources */,
				F5FBBAE926C27667006FE53E /* ComposeImageCollectionViewCell.swift in Sources */,
				F401BE1526D6AD32000C7898 /* PlaceTypeCollectionViewCell.swift in Sources */,
				5C2141B626BF162B00F93A84 /* ThemeSettingTableViewController.swift in Sources */,
				F48843A826ABE512005DB8A3 /* DetailTableViewCell.swift in Sources */,
				6D88628826BD3FC700E22BF1 /* SearchLIstUniversityViewController.swift in Sources */,
				DF27D74B26B936780046D7BF /* CategoryBoardViewController.swift in Sources */,
				5C2141AF26BF059F00F93A84 /* UIButton+Extension.swift in Sources */,
				6D42480726AABFE500E1E138 /* SettingTableViewController.swift in Sources */,
				6D9E1FBE26B99D6F00A24ED9 /* ProfilePicturesViewController.swift in Sources */,
				DFE3DD6F26CFC6D8002F98D9 /* LectureSummaryTableViewCell.swift in Sources */,
				DF36281526A93207007AC5D2 /* ExpandableBoardTableViewCell.swift in Sources */,
				2C715DA026C043FE00B0B22B /* FilterViewController.swift in Sources */,
				6D9E0CEB26ABC7B300ABB37F /* RegisterViewController.swift in Sources */,
				DFEF018226A756880015829B /* FreeBoardViewController.swift in Sources */,
				DFEF018826A756D90015829B /* Board.swift in Sources */,
				6D3EC62926B10B6C00907A68 /* TermsOfConditionsTableViewController.swift in Sources */,
				F44389D826D2D33500B9A193 /* PlaceAnnotation.swift in Sources */,
				DF454E2726C2E1450031F92C /* ExpandImageViewController.swift in Sources */,
				DFE3DD7726CFC728002F98D9 /* TestInfoTableViewCell.swift in Sources */,
				6D64F78226ADC9D3005BAC82 /* DropDownTableViewCell.swift in Sources */,
				F560368726B9EE5C0093DDC7 /* CommentTableViewCell.swift in Sources */,
				2C715DAC26C072C100B0B22B /* StoreTypeTableViewCell.swift in Sources */,
				5CAFD3AD26A74B9D0002D0EC /* AddLectureTableViewController.swift in Sources */,
				DFE3DD7A26CFC790002F98D9 /* LectureInfo.swift in Sources */,
				5C0D977726A768A600F396B7 /* UIViewController+Alert.swift in Sources */,
				DFE3DD6626CFC624002F98D9 /* LectureReviewHeaderTableViewCell.swift in Sources */,
				DF25EF4C26AFDD1F00949AAB /* BoardCustomHeaderView.swift in Sources */,
				DFE3DD7526CFC715002F98D9 /* ReviewContentTableViewCell.swift in Sources */,
				5CD1F63C26B9B1F700441831 /* EmailChangeViewController.swift in Sources */,
				F5FBBAE326C27604006FE53E /* SelectImageViewController.swift in Sources */,
				DF25EF3F26AFD4F300949AAB /* DetailPostViewController.swift in Sources */,
				5C92DD34269B4EDF0094A93C /* TimetableViewController.swift in Sources */,
				5C92DD30269B4EC00094A93C /* HomeViewController.swift in Sources */,
				5C7E4C5126BD71ED009DF776 /* CommonConstant.swift in Sources */,
				DFEF018426A756AF0015829B /* LectureReviewBoardViewController.swift in Sources */,
				DF25EF4626AFD5EE00949AAB /* PostImageCollectionViewCell.swift in Sources */,
				DF40510726C05335009FCA17 /* SearchViewController.swift in Sources */,
				F48843AD26ABE512005DB8A3 /* UserReviewTableViewCell.swift in Sources */,
				5C7E4C4F26BD6FD4009DF776 /* Dummy.swift in Sources */,
				F48843A626ABE512005DB8A3 /* PlaceInfoViewController.swift in Sources */,
				F48843A926ABE512005DB8A3 /* GeneralReviewTableViewCell.swift in Sources */,
				5C2141B326BF0F5B00F93A84 /* UIView+Extension.swift in Sources */,
				5C2141BC26BF1A1500F93A84 /* SetPasswordViewController.swift in Sources */,
				2C715DA826C05E7100B0B22B /* AlignmentTableViewCell.swift in Sources */,
				5CD1F63A26B9A7FB00441831 /* PasswordChangeViewController.swift in Sources */,
				5C89D9D726C05DEF000DB3D2 /* UMateRuleViewController.swift in Sources */,
				6D9E3AAF26B26B300038614D /* EmailVerifyViewController.swift in Sources */,
				5C92DD0A269B4DEF0094A93C /* AppDelegate.swift in Sources */,
				5CB9104926B2C875001E24DC /* FriendSearchViewController.swift in Sources */,
				2C715DA626C0514400B0B22B /* SearchHeaderCollectionViewCell.swift in Sources */,
				2C715DAA26C0695E00B0B22B /* CategoryTableViewCell.swift in Sources */,
				F48843AF26ABE512005DB8A3 /* FirstSectionTableViewCell.swift in Sources */,
				5C733FE126B07CB500C1AF21 /* FriendsListTableViewController.swift in Sources */,
				5C89D9D926C07FB6000DB3D2 /* UIColor+Extension.swift in Sources */,
				5C92DD0C269B4DEF0094A93C /* SceneDelegate.swift in Sources */,
				F4ABE8CF26D30D3200F54B3B /* UserPlaceInfo.swift in Sources */,
				6D8019C026A525900042A288 /* User.swift in Sources */,
				F4666A3126BAEF7800A7AFA5 /* PlaceMainViewController.swift in Sources */,
				6D9D9A9326B0788B0084C764 /* Termsandconditions.swift in Sources */,
				5C7E4C4D26BD6FC9009DF776 /* CommonViewController.swift in Sources */,
				5C89D9D226C017F8000DB3D2 /* MakingPasswordViewController.swift in Sources */,
				5C92DD32269B4ED20094A93C /* BoardViewController.swift in Sources */,
				DF25EF4426AFD59300949AAB /* PostImageTableViewCell.swift in Sources */,
				F48843A326ABE512005DB8A3 /* Review.swift in Sources */,
				DFE3DD6D26CFC6C0002F98D9 /* DetailLectureHeaderTableViewCell.swift in Sources */,
				F48843B026ABE512005DB8A3 /* ReviewWriteTableViewController.swift in Sources */,
				5C733FDF26B0659A00C1AF21 /* LectureModel.swift in Sources */,
				5C92DD3C269BF84F0094A93C /* AccountViewController.swift in Sources */,
				F48843AA26ABE512005DB8A3 /* InfoSectionTableViewCell.swift in Sources */,
				F53A427926BC73DE008D1698 /* ReCommentTableViewCell.swift in Sources */,
				2C3D34C726B6AF900036DF0A /* Search.swift in Sources */,
				6D9D9A9126B03A180084C764 /* UniversityTitleData.swift in Sources */,
				5C89DA2126C29EDF000DB3D2 /* ChangeAppPasswordViewController.swift in Sources */,
				F48843A426ABE512005DB8A3 /* Place.swift in Sources */,
				6DA8990426B91CE900F81AD9 /* DetailRegisterViewController.swift in Sources */,
				5C733FE526B0839D00C1AF21 /* FriendLectureViewController.swift in Sources */,
				DF27D74D26B937240046D7BF /* CategoryBoardCollectionViewCell.swift in Sources */,
				F5FBBAE526C2762A006FE53E /* ImageCollectionViewCell.swift in Sources */,
				F4ABE8D426D38C1400F54B3B /* ManageBookmarkViewController.swift in Sources */,
				5CA0D8DC26BB11070098FBE4 /* PasswordCheckViewController.swift in Sources */,
				DFE3DD7126CFC6EE002F98D9 /* LectureBookTableViewCell.swift in Sources */,
				DFEF018626A756C80015829B /* Post.swift in Sources */,
				DFE3DD6B26CFC6A6002F98D9 /* SectionTitleCollectionViewCell.swift in Sources */,
				DFB9FE9826BDE330005D38D3 /* CountLabelTableViewCell.swift in Sources */,
				6D8C063226C268F7005D34C5 /* StorageDataSource.swift in Sources */,
				F4ABE8DB26D3B5BF00F54B3B /* BookmarkListTableViewCell.swift in Sources */,
				F48843AE26ABE512005DB8A3 /* TabSectionTableViewCell.swift in Sources */,
				5C733FE326B07D7C00C1AF21 /* FriendsListViewController.swift in Sources */,
				F50F9B5426B0F932007ABEF6 /* CommunityRuleViewController.swift in Sources */,
				DF454E2526C2DAED0031F92C /* UIViewController+View.swift in Sources */,
				5C2141B126BF0A1500F93A84 /* ChooseEmailPasswordViewController.swift in Sources */,
				DFE3DD6826CFC640002F98D9 /* LectureReviewTableViewCell.swift in Sources */,
				DF25EF4226AFD54C00949AAB /* PostContentTableViewCell.swift in Sources */,
				F4666A3726BAFFF900A7AFA5 /* NearbyPlaceCollectionViewCell.swift in Sources */,
				F50F9B5226B0F6CF007ABEF6 /* ComposeViewController.swift in Sources */,
				6DA41EE026C0C98200BC249B /* FIndPasswordandEmailTableViewController.swift in Sources */,
				DF2F6B0226C3BA74003827E8 /* ExpandPostImageCollectionViewCell.swift in Sources */,
				DFE3DD7326CFC700002F98D9 /* LectureRatingTableViewCell.swift in Sources */,
				F48843B126ABE512005DB8A3 /* RoundedButton.swift in Sources */,
				DFEF018026A756290015829B /* Date+Formatter.swift in Sources */,
				2C3D34C026B6A3650036DF0A /* PlaceSearchViewController.swift in Sources */,
				F44389EA26D2F52400B9A193 /* SetBrowserTableViewController.swift in Sources */,
				DF3EA85D26A4003100424E7E /* NonExpandableBoardTableViewCell.swift in Sources */,
				DFEF018A26A7571A0015829B /* FreeBoardTableViewCell.swift in Sources */,
			);
			runOnlyForDeploymentPostprocessing = 0;
		};
/* End PBXSourcesBuildPhase section */

/* Begin PBXVariantGroup section */
		5C92DD0F269B4DEF0094A93C /* Main.storyboard */ = {
			isa = PBXVariantGroup;
			children = (
				5C92DD10269B4DEF0094A93C /* Base */,
			);
			name = Main.storyboard;
			sourceTree = "<group>";
		};
		5C92DD14269B4DF00094A93C /* LaunchScreen.storyboard */ = {
			isa = PBXVariantGroup;
			children = (
				5C92DD15269B4DF00094A93C /* Base */,
			);
			name = LaunchScreen.storyboard;
			sourceTree = "<group>";
		};
/* End PBXVariantGroup section */

/* Begin XCBuildConfiguration section */
		5C92DD18269B4DF00094A93C /* Debug */ = {
			isa = XCBuildConfiguration;
			buildSettings = {
				ALWAYS_SEARCH_USER_PATHS = NO;
				CLANG_ANALYZER_NONNULL = YES;
				CLANG_ANALYZER_NUMBER_OBJECT_CONVERSION = YES_AGGRESSIVE;
				CLANG_CXX_LANGUAGE_STANDARD = "gnu++14";
				CLANG_CXX_LIBRARY = "libc++";
				CLANG_ENABLE_MODULES = YES;
				CLANG_ENABLE_OBJC_ARC = YES;
				CLANG_ENABLE_OBJC_WEAK = YES;
				CLANG_WARN_BLOCK_CAPTURE_AUTORELEASING = YES;
				CLANG_WARN_BOOL_CONVERSION = YES;
				CLANG_WARN_COMMA = YES;
				CLANG_WARN_CONSTANT_CONVERSION = YES;
				CLANG_WARN_DEPRECATED_OBJC_IMPLEMENTATIONS = YES;
				CLANG_WARN_DIRECT_OBJC_ISA_USAGE = YES_ERROR;
				CLANG_WARN_DOCUMENTATION_COMMENTS = YES;
				CLANG_WARN_EMPTY_BODY = YES;
				CLANG_WARN_ENUM_CONVERSION = YES;
				CLANG_WARN_INFINITE_RECURSION = YES;
				CLANG_WARN_INT_CONVERSION = YES;
				CLANG_WARN_NON_LITERAL_NULL_CONVERSION = YES;
				CLANG_WARN_OBJC_IMPLICIT_RETAIN_SELF = YES;
				CLANG_WARN_OBJC_LITERAL_CONVERSION = YES;
				CLANG_WARN_OBJC_ROOT_CLASS = YES_ERROR;
				CLANG_WARN_QUOTED_INCLUDE_IN_FRAMEWORK_HEADER = YES;
				CLANG_WARN_RANGE_LOOP_ANALYSIS = YES;
				CLANG_WARN_STRICT_PROTOTYPES = YES;
				CLANG_WARN_SUSPICIOUS_MOVE = YES;
				CLANG_WARN_UNGUARDED_AVAILABILITY = YES_AGGRESSIVE;
				CLANG_WARN_UNREACHABLE_CODE = YES;
				CLANG_WARN__DUPLICATE_METHOD_MATCH = YES;
				COPY_PHASE_STRIP = NO;
				DEBUG_INFORMATION_FORMAT = dwarf;
				ENABLE_STRICT_OBJC_MSGSEND = YES;
				ENABLE_TESTABILITY = YES;
				EXCLUDED_ARCHS = "";
				GCC_C_LANGUAGE_STANDARD = gnu11;
				GCC_DYNAMIC_NO_PIC = NO;
				GCC_NO_COMMON_BLOCKS = YES;
				GCC_OPTIMIZATION_LEVEL = 0;
				GCC_PREPROCESSOR_DEFINITIONS = (
					"DEBUG=1",
					"$(inherited)",
				);
				GCC_WARN_64_TO_32_BIT_CONVERSION = YES;
				GCC_WARN_ABOUT_RETURN_TYPE = YES_ERROR;
				GCC_WARN_UNDECLARED_SELECTOR = YES;
				GCC_WARN_UNINITIALIZED_AUTOS = YES_AGGRESSIVE;
				GCC_WARN_UNUSED_FUNCTION = YES;
				GCC_WARN_UNUSED_VARIABLE = YES;
				IPHONEOS_DEPLOYMENT_TARGET = 14.5;
				MTL_ENABLE_DEBUG_INFO = INCLUDE_SOURCE;
				MTL_FAST_MATH = YES;
				ONLY_ACTIVE_ARCH = YES;
				SDKROOT = iphoneos;
				SWIFT_ACTIVE_COMPILATION_CONDITIONS = DEBUG;
				SWIFT_OPTIMIZATION_LEVEL = "-Onone";
			};
			name = Debug;
		};
		5C92DD19269B4DF00094A93C /* Release */ = {
			isa = XCBuildConfiguration;
			buildSettings = {
				ALWAYS_SEARCH_USER_PATHS = NO;
				CLANG_ANALYZER_NONNULL = YES;
				CLANG_ANALYZER_NUMBER_OBJECT_CONVERSION = YES_AGGRESSIVE;
				CLANG_CXX_LANGUAGE_STANDARD = "gnu++14";
				CLANG_CXX_LIBRARY = "libc++";
				CLANG_ENABLE_MODULES = YES;
				CLANG_ENABLE_OBJC_ARC = YES;
				CLANG_ENABLE_OBJC_WEAK = YES;
				CLANG_WARN_BLOCK_CAPTURE_AUTORELEASING = YES;
				CLANG_WARN_BOOL_CONVERSION = YES;
				CLANG_WARN_COMMA = YES;
				CLANG_WARN_CONSTANT_CONVERSION = YES;
				CLANG_WARN_DEPRECATED_OBJC_IMPLEMENTATIONS = YES;
				CLANG_WARN_DIRECT_OBJC_ISA_USAGE = YES_ERROR;
				CLANG_WARN_DOCUMENTATION_COMMENTS = YES;
				CLANG_WARN_EMPTY_BODY = YES;
				CLANG_WARN_ENUM_CONVERSION = YES;
				CLANG_WARN_INFINITE_RECURSION = YES;
				CLANG_WARN_INT_CONVERSION = YES;
				CLANG_WARN_NON_LITERAL_NULL_CONVERSION = YES;
				CLANG_WARN_OBJC_IMPLICIT_RETAIN_SELF = YES;
				CLANG_WARN_OBJC_LITERAL_CONVERSION = YES;
				CLANG_WARN_OBJC_ROOT_CLASS = YES_ERROR;
				CLANG_WARN_QUOTED_INCLUDE_IN_FRAMEWORK_HEADER = YES;
				CLANG_WARN_RANGE_LOOP_ANALYSIS = YES;
				CLANG_WARN_STRICT_PROTOTYPES = YES;
				CLANG_WARN_SUSPICIOUS_MOVE = YES;
				CLANG_WARN_UNGUARDED_AVAILABILITY = YES_AGGRESSIVE;
				CLANG_WARN_UNREACHABLE_CODE = YES;
				CLANG_WARN__DUPLICATE_METHOD_MATCH = YES;
				COPY_PHASE_STRIP = NO;
				DEBUG_INFORMATION_FORMAT = "dwarf-with-dsym";
				ENABLE_NS_ASSERTIONS = NO;
				ENABLE_STRICT_OBJC_MSGSEND = YES;
				EXCLUDED_ARCHS = "";
				GCC_C_LANGUAGE_STANDARD = gnu11;
				GCC_NO_COMMON_BLOCKS = YES;
				GCC_WARN_64_TO_32_BIT_CONVERSION = YES;
				GCC_WARN_ABOUT_RETURN_TYPE = YES_ERROR;
				GCC_WARN_UNDECLARED_SELECTOR = YES;
				GCC_WARN_UNINITIALIZED_AUTOS = YES_AGGRESSIVE;
				GCC_WARN_UNUSED_FUNCTION = YES;
				GCC_WARN_UNUSED_VARIABLE = YES;
				IPHONEOS_DEPLOYMENT_TARGET = 14.5;
				MTL_ENABLE_DEBUG_INFO = NO;
				MTL_FAST_MATH = YES;
				SDKROOT = iphoneos;
				SWIFT_COMPILATION_MODE = wholemodule;
				SWIFT_OPTIMIZATION_LEVEL = "-O";
				VALIDATE_PRODUCT = YES;
			};
			name = Release;
		};
		5C92DD1B269B4DF00094A93C /* Debug */ = {
			isa = XCBuildConfiguration;
			baseConfigurationReference = D88044305CC805E9A5171E61 /* Pods-UMate.debug.xcconfig */;
			buildSettings = {
				ASSETCATALOG_COMPILER_APPICON_NAME = AppIcon;
				ASSETCATALOG_COMPILER_GLOBAL_ACCENT_COLOR_NAME = AccentColor;
				CODE_SIGN_STYLE = Automatic;
				DEVELOPMENT_TEAM = K6MHP3M8UT;
				INFOPLIST_FILE = UMate/Info.plist;
				IPHONEOS_DEPLOYMENT_TARGET = 14.1;
				LD_RUNPATH_SEARCH_PATHS = (
					"$(inherited)",
					"@executable_path/Frameworks",
				);
				PRODUCT_BUNDLE_IDENTIFIER = com.Kxcoding.UMate;
				PRODUCT_NAME = "$(TARGET_NAME)";
				SWIFT_VERSION = 5.0;
				TARGETED_DEVICE_FAMILY = "1,2";
			};
			name = Debug;
		};
		5C92DD1C269B4DF00094A93C /* Release */ = {
			isa = XCBuildConfiguration;
			baseConfigurationReference = 0F88941006F550F6F7C19381 /* Pods-UMate.release.xcconfig */;
			buildSettings = {
				ASSETCATALOG_COMPILER_APPICON_NAME = AppIcon;
				ASSETCATALOG_COMPILER_GLOBAL_ACCENT_COLOR_NAME = AccentColor;
				CODE_SIGN_STYLE = Automatic;
				DEVELOPMENT_TEAM = K6MHP3M8UT;
				INFOPLIST_FILE = UMate/Info.plist;
				IPHONEOS_DEPLOYMENT_TARGET = 14.1;
				LD_RUNPATH_SEARCH_PATHS = (
					"$(inherited)",
					"@executable_path/Frameworks",
				);
				PRODUCT_BUNDLE_IDENTIFIER = com.Kxcoding.UMate;
				PRODUCT_NAME = "$(TARGET_NAME)";
				SWIFT_VERSION = 5.0;
				TARGETED_DEVICE_FAMILY = "1,2";
			};
			name = Release;
		};
/* End XCBuildConfiguration section */

/* Begin XCConfigurationList section */
		5C92DD01269B4DEF0094A93C /* Build configuration list for PBXProject "UMate" */ = {
			isa = XCConfigurationList;
			buildConfigurations = (
				5C92DD18269B4DF00094A93C /* Debug */,
				5C92DD19269B4DF00094A93C /* Release */,
			);
			defaultConfigurationIsVisible = 0;
			defaultConfigurationName = Release;
		};
		5C92DD1A269B4DF00094A93C /* Build configuration list for PBXNativeTarget "UMate" */ = {
			isa = XCConfigurationList;
			buildConfigurations = (
				5C92DD1B269B4DF00094A93C /* Debug */,
				5C92DD1C269B4DF00094A93C /* Release */,
			);
			defaultConfigurationIsVisible = 0;
			defaultConfigurationName = Release;
		};
/* End XCConfigurationList section */
	};
	rootObject = 5C92DCFE269B4DEF0094A93C /* Project object */;
}
