// !$*UTF8*$!
{
	archiveVersion = 1;
	classes = {
	};
	objectVersion = 51;
	objects = {

/* Begin PBXBuildFile section */
		5C0D977726A768A600F396B7 /* UIViewController+Alert.swift in Sources */ = {isa = PBXBuildFile; fileRef = 5C0D977626A768A600F396B7 /* UIViewController+Alert.swift */; };
		5C92DD0A269B4DEF0094A93C /* AppDelegate.swift in Sources */ = {isa = PBXBuildFile; fileRef = 5C92DD09269B4DEF0094A93C /* AppDelegate.swift */; };
		5C92DD0C269B4DEF0094A93C /* SceneDelegate.swift in Sources */ = {isa = PBXBuildFile; fileRef = 5C92DD0B269B4DEF0094A93C /* SceneDelegate.swift */; };
		5C92DD0E269B4DEF0094A93C /* ViewController.swift in Sources */ = {isa = PBXBuildFile; fileRef = 5C92DD0D269B4DEF0094A93C /* ViewController.swift */; };
		5C92DD11269B4DEF0094A93C /* Main.storyboard in Resources */ = {isa = PBXBuildFile; fileRef = 5C92DD0F269B4DEF0094A93C /* Main.storyboard */; };
		5C92DD13269B4DF00094A93C /* Assets.xcassets in Resources */ = {isa = PBXBuildFile; fileRef = 5C92DD12269B4DF00094A93C /* Assets.xcassets */; };
		5C92DD16269B4DF00094A93C /* LaunchScreen.storyboard in Resources */ = {isa = PBXBuildFile; fileRef = 5C92DD14269B4DF00094A93C /* LaunchScreen.storyboard */; };
		5C92DD26269B4E850094A93C /* Home.storyboard in Resources */ = {isa = PBXBuildFile; fileRef = 5C92DD25269B4E850094A93C /* Home.storyboard */; };
		5C92DD28269B4E890094A93C /* Board.storyboard in Resources */ = {isa = PBXBuildFile; fileRef = 5C92DD27269B4E890094A93C /* Board.storyboard */; };
		5C92DD2A269B4E8E0094A93C /* Timetable.storyboard in Resources */ = {isa = PBXBuildFile; fileRef = 5C92DD29269B4E8E0094A93C /* Timetable.storyboard */; };
		5C92DD30269B4EC00094A93C /* HomeViewController.swift in Sources */ = {isa = PBXBuildFile; fileRef = 5C92DD2F269B4EC00094A93C /* HomeViewController.swift */; };
		5C92DD32269B4ED20094A93C /* BoardViewController.swift in Sources */ = {isa = PBXBuildFile; fileRef = 5C92DD31269B4ED20094A93C /* BoardViewController.swift */; };
		5C92DD34269B4EDF0094A93C /* TimetableViewController.swift in Sources */ = {isa = PBXBuildFile; fileRef = 5C92DD33269B4EDF0094A93C /* TimetableViewController.swift */; };
		5C92DD3A269BF8450094A93C /* Account.storyboard in Resources */ = {isa = PBXBuildFile; fileRef = 5C92DD39269BF8450094A93C /* Account.storyboard */; };
		5C92DD3C269BF84F0094A93C /* AccountViewController.swift in Sources */ = {isa = PBXBuildFile; fileRef = 5C92DD3B269BF84E0094A93C /* AccountViewController.swift */; };
		5CAFD3AD26A74B9D0002D0EC /* AddLectureTableViewController.swift in Sources */ = {isa = PBXBuildFile; fileRef = 5CAFD3AC26A74B9D0002D0EC /* AddLectureTableViewController.swift */; };
		6D42480526AAB8C300E1E138 /* Setting.storyboard in Resources */ = {isa = PBXBuildFile; fileRef = 6D42480426AAB8C300E1E138 /* Setting.storyboard */; };
		6D42480726AABFE500E1E138 /* SettingTableViewController.swift in Sources */ = {isa = PBXBuildFile; fileRef = 6D42480626AABFE500E1E138 /* SettingTableViewController.swift */; };
		6D64F78226ADC9D3005BAC82 /* DropDownTableViewCell.swift in Sources */ = {isa = PBXBuildFile; fileRef = 6D64F78026ADC9D3005BAC82 /* DropDownTableViewCell.swift */; };
		6D64F78326ADC9D3005BAC82 /* DropDownTableViewCell.xib in Resources */ = {isa = PBXBuildFile; fileRef = 6D64F78126ADC9D3005BAC82 /* DropDownTableViewCell.xib */; };
		6D7ECD9F26A67B94005D59B5 /* Alert.swift in Sources */ = {isa = PBXBuildFile; fileRef = 6D7ECD9E26A67B94005D59B5 /* Alert.swift */; };
		6D8019C026A525900042A288 /* User.swift in Sources */ = {isa = PBXBuildFile; fileRef = 6D8019BF26A525900042A288 /* User.swift */; };
		6D8019C226A52C480042A288 /* Constant.swift in Sources */ = {isa = PBXBuildFile; fileRef = 6D8019C126A52C480042A288 /* Constant.swift */; };
		6D90357826A9DA4B00195D5D /* SettingModel.swift in Sources */ = {isa = PBXBuildFile; fileRef = 6D90357726A9DA4B00195D5D /* SettingModel.swift */; };
		6D9D9A9126B03A180084C764 /* UniversityTitleData.swift in Sources */ = {isa = PBXBuildFile; fileRef = 6D9D9A9026B03A180084C764 /* UniversityTitleData.swift */; };
		6D9D9A9326B0788B0084C764 /* Termsandconditions.swift in Sources */ = {isa = PBXBuildFile; fileRef = 6D9D9A9226B0788B0084C764 /* Termsandconditions.swift */; };
		6D9E0CEB26ABC7B300ABB37F /* RegisterViewController.swift in Sources */ = {isa = PBXBuildFile; fileRef = 6D9E0CEA26ABC7B300ABB37F /* RegisterViewController.swift */; };
		DF25EF3F26AFD4F300949AAB /* DetailPostViewController.swift in Sources */ = {isa = PBXBuildFile; fileRef = DF25EF3E26AFD4F300949AAB /* DetailPostViewController.swift */; };
		DF25EF4226AFD54C00949AAB /* PostContentTableViewCell.swift in Sources */ = {isa = PBXBuildFile; fileRef = DF25EF4126AFD54C00949AAB /* PostContentTableViewCell.swift */; };
		DF25EF4426AFD59300949AAB /* PostImageTableViewCell.swift in Sources */ = {isa = PBXBuildFile; fileRef = DF25EF4326AFD59300949AAB /* PostImageTableViewCell.swift */; };
		DF25EF4626AFD5EE00949AAB /* PostImageCollectionViewCell.swift in Sources */ = {isa = PBXBuildFile; fileRef = DF25EF4526AFD5EE00949AAB /* PostImageCollectionViewCell.swift */; };
		DF25EF4926AFD61500949AAB /* BoardDummy.swift in Sources */ = {isa = PBXBuildFile; fileRef = DF25EF4826AFD61500949AAB /* BoardDummy.swift */; };
		DF25EF4C26AFDD1F00949AAB /* BoardCustomHeaderView.swift in Sources */ = {isa = PBXBuildFile; fileRef = DF25EF4B26AFDD1F00949AAB /* BoardCustomHeaderView.swift */; };
		DF36281526A93207007AC5D2 /* ExpandableBoardTableViewCell.swift in Sources */ = {isa = PBXBuildFile; fileRef = DF46AEAB26A1C72C00435D94 /* ExpandableBoardTableViewCell.swift */; };
		DF3EA85D26A4003100424E7E /* NonExpandableBoardTableViewCell.swift in Sources */ = {isa = PBXBuildFile; fileRef = DF3EA85C26A4003100424E7E /* NonExpandableBoardTableViewCell.swift */; };
		DFEF018026A756290015829B /* Date + Formatter.swift in Sources */ = {isa = PBXBuildFile; fileRef = DFEF017F26A756290015829B /* Date + Formatter.swift */; };
		DFEF018226A756880015829B /* FreeBoardViewController.swift in Sources */ = {isa = PBXBuildFile; fileRef = DFEF018126A756880015829B /* FreeBoardViewController.swift */; };
		DFEF018426A756AF0015829B /* LectureReviewBoardViewController.swift in Sources */ = {isa = PBXBuildFile; fileRef = DFEF018326A756AF0015829B /* LectureReviewBoardViewController.swift */; };
		DFEF018626A756C80015829B /* Post.swift in Sources */ = {isa = PBXBuildFile; fileRef = DFEF018526A756C80015829B /* Post.swift */; };
		DFEF018826A756D90015829B /* Board.swift in Sources */ = {isa = PBXBuildFile; fileRef = DFEF018726A756D90015829B /* Board.swift */; };
		DFEF018A26A7571A0015829B /* FreeBoardTableViewCell.swift in Sources */ = {isa = PBXBuildFile; fileRef = DFEF018926A7571A0015829B /* FreeBoardTableViewCell.swift */; };
		F1414B82382F46CC5C59AD6B /* Pods_UMate.framework in Frameworks */ = {isa = PBXBuildFile; fileRef = 0336406B0211FCA66E293B37 /* Pods_UMate.framework */; };
		F48843A226ABE512005DB8A3 /* PlaceViewController.swift in Sources */ = {isa = PBXBuildFile; fileRef = F488438E26ABE512005DB8A3 /* PlaceViewController.swift */; };
		F48843A326ABE512005DB8A3 /* Review.swift in Sources */ = {isa = PBXBuildFile; fileRef = F488439026ABE512005DB8A3 /* Review.swift */; };
		F48843A426ABE512005DB8A3 /* Place.swift in Sources */ = {isa = PBXBuildFile; fileRef = F488439126ABE512005DB8A3 /* Place.swift */; };
		F48843A526ABE512005DB8A3 /* Place.storyboard in Resources */ = {isa = PBXBuildFile; fileRef = F488439326ABE512005DB8A3 /* Place.storyboard */; };
		F48843A626ABE512005DB8A3 /* PlaceInfoViewController.swift in Sources */ = {isa = PBXBuildFile; fileRef = F488439526ABE512005DB8A3 /* PlaceInfoViewController.swift */; };
		F48843A726ABE512005DB8A3 /* PlaceInfo.storyboard in Resources */ = {isa = PBXBuildFile; fileRef = F488439626ABE512005DB8A3 /* PlaceInfo.storyboard */; };
		F48843A826ABE512005DB8A3 /* DetailTableViewCell.swift in Sources */ = {isa = PBXBuildFile; fileRef = F488439826ABE512005DB8A3 /* DetailTableViewCell.swift */; };
		F48843A926ABE512005DB8A3 /* GeneralReviewTableViewCell.swift in Sources */ = {isa = PBXBuildFile; fileRef = F488439926ABE512005DB8A3 /* GeneralReviewTableViewCell.swift */; };
		F48843AA26ABE512005DB8A3 /* InfoSectionTableViewCell.swift in Sources */ = {isa = PBXBuildFile; fileRef = F488439A26ABE512005DB8A3 /* InfoSectionTableViewCell.swift */; };
		F48843AB26ABE512005DB8A3 /* ReviewTableViewCell.swift in Sources */ = {isa = PBXBuildFile; fileRef = F488439B26ABE512005DB8A3 /* ReviewTableViewCell.swift */; };
		F48843AC26ABE512005DB8A3 /* WordCollectionViewCell.swift in Sources */ = {isa = PBXBuildFile; fileRef = F488439C26ABE512005DB8A3 /* WordCollectionViewCell.swift */; };
		F48843AD26ABE512005DB8A3 /* UserReviewTableViewCell.swift in Sources */ = {isa = PBXBuildFile; fileRef = F488439D26ABE512005DB8A3 /* UserReviewTableViewCell.swift */; };
		F48843AE26ABE512005DB8A3 /* TabSectionTableViewCell.swift in Sources */ = {isa = PBXBuildFile; fileRef = F488439E26ABE512005DB8A3 /* TabSectionTableViewCell.swift */; };
		F48843AF26ABE512005DB8A3 /* FirstSectionTableViewCell.swift in Sources */ = {isa = PBXBuildFile; fileRef = F488439F26ABE512005DB8A3 /* FirstSectionTableViewCell.swift */; };
		F48843B026ABE512005DB8A3 /* ReviewWriteTableViewController.swift in Sources */ = {isa = PBXBuildFile; fileRef = F48843A026ABE512005DB8A3 /* ReviewWriteTableViewController.swift */; };
		F48843B126ABE512005DB8A3 /* RoundedButton.swift in Sources */ = {isa = PBXBuildFile; fileRef = F48843A126ABE512005DB8A3 /* RoundedButton.swift */; };
/* End PBXBuildFile section */

/* Begin PBXFileReference section */
		0336406B0211FCA66E293B37 /* Pods_UMate.framework */ = {isa = PBXFileReference; explicitFileType = wrapper.framework; includeInIndex = 0; path = Pods_UMate.framework; sourceTree = BUILT_PRODUCTS_DIR; };
		5C0D977626A768A600F396B7 /* UIViewController+Alert.swift */ = {isa = PBXFileReference; lastKnownFileType = sourcecode.swift; path = "UIViewController+Alert.swift"; sourceTree = "<group>"; };
		5C92DD06269B4DEF0094A93C /* UMate.app */ = {isa = PBXFileReference; explicitFileType = wrapper.application; includeInIndex = 0; path = UMate.app; sourceTree = BUILT_PRODUCTS_DIR; };
		5C92DD09269B4DEF0094A93C /* AppDelegate.swift */ = {isa = PBXFileReference; lastKnownFileType = sourcecode.swift; path = AppDelegate.swift; sourceTree = "<group>"; };
		5C92DD0B269B4DEF0094A93C /* SceneDelegate.swift */ = {isa = PBXFileReference; lastKnownFileType = sourcecode.swift; path = SceneDelegate.swift; sourceTree = "<group>"; };
		5C92DD0D269B4DEF0094A93C /* ViewController.swift */ = {isa = PBXFileReference; lastKnownFileType = sourcecode.swift; path = ViewController.swift; sourceTree = "<group>"; };
		5C92DD10269B4DEF0094A93C /* Base */ = {isa = PBXFileReference; lastKnownFileType = file.storyboard; name = Base; path = Base.lproj/Main.storyboard; sourceTree = "<group>"; };
		5C92DD12269B4DF00094A93C /* Assets.xcassets */ = {isa = PBXFileReference; lastKnownFileType = folder.assetcatalog; path = Assets.xcassets; sourceTree = "<group>"; };
		5C92DD15269B4DF00094A93C /* Base */ = {isa = PBXFileReference; lastKnownFileType = file.storyboard; name = Base; path = Base.lproj/LaunchScreen.storyboard; sourceTree = "<group>"; };
		5C92DD17269B4DF00094A93C /* Info.plist */ = {isa = PBXFileReference; lastKnownFileType = text.plist.xml; path = Info.plist; sourceTree = "<group>"; };
		5C92DD25269B4E850094A93C /* Home.storyboard */ = {isa = PBXFileReference; lastKnownFileType = file.storyboard; path = Home.storyboard; sourceTree = "<group>"; };
		5C92DD27269B4E890094A93C /* Board.storyboard */ = {isa = PBXFileReference; lastKnownFileType = file.storyboard; path = Board.storyboard; sourceTree = "<group>"; };
		5C92DD29269B4E8E0094A93C /* Timetable.storyboard */ = {isa = PBXFileReference; lastKnownFileType = file.storyboard; path = Timetable.storyboard; sourceTree = "<group>"; };
		5C92DD2F269B4EC00094A93C /* HomeViewController.swift */ = {isa = PBXFileReference; lastKnownFileType = sourcecode.swift; path = HomeViewController.swift; sourceTree = "<group>"; };
		5C92DD31269B4ED20094A93C /* BoardViewController.swift */ = {isa = PBXFileReference; lastKnownFileType = sourcecode.swift; path = BoardViewController.swift; sourceTree = "<group>"; };
		5C92DD33269B4EDF0094A93C /* TimetableViewController.swift */ = {isa = PBXFileReference; lastKnownFileType = sourcecode.swift; path = TimetableViewController.swift; sourceTree = "<group>"; };
		5C92DD39269BF8450094A93C /* Account.storyboard */ = {isa = PBXFileReference; lastKnownFileType = file.storyboard; path = Account.storyboard; sourceTree = "<group>"; };
		5C92DD3B269BF84E0094A93C /* AccountViewController.swift */ = {isa = PBXFileReference; lastKnownFileType = sourcecode.swift; path = AccountViewController.swift; sourceTree = "<group>"; };
		5CAFD3AC26A74B9D0002D0EC /* AddLectureTableViewController.swift */ = {isa = PBXFileReference; lastKnownFileType = sourcecode.swift; path = AddLectureTableViewController.swift; sourceTree = "<group>"; };
		6C4F9A5EE11942DC73C60538 /* Pods-UMate.debug.xcconfig */ = {isa = PBXFileReference; includeInIndex = 1; lastKnownFileType = text.xcconfig; name = "Pods-UMate.debug.xcconfig"; path = "Target Support Files/Pods-UMate/Pods-UMate.debug.xcconfig"; sourceTree = "<group>"; };
		6D42480426AAB8C300E1E138 /* Setting.storyboard */ = {isa = PBXFileReference; lastKnownFileType = file.storyboard; path = Setting.storyboard; sourceTree = "<group>"; };
		6D42480626AABFE500E1E138 /* SettingTableViewController.swift */ = {isa = PBXFileReference; lastKnownFileType = sourcecode.swift; path = SettingTableViewController.swift; sourceTree = "<group>"; };
		6D64F78026ADC9D3005BAC82 /* DropDownTableViewCell.swift */ = {isa = PBXFileReference; lastKnownFileType = sourcecode.swift; path = DropDownTableViewCell.swift; sourceTree = "<group>"; };
		6D64F78126ADC9D3005BAC82 /* DropDownTableViewCell.xib */ = {isa = PBXFileReference; lastKnownFileType = file.xib; path = DropDownTableViewCell.xib; sourceTree = "<group>"; };
		6D7ECD9E26A67B94005D59B5 /* Alert.swift */ = {isa = PBXFileReference; lastKnownFileType = sourcecode.swift; path = Alert.swift; sourceTree = "<group>"; };
		6D8019BF26A525900042A288 /* User.swift */ = {isa = PBXFileReference; lastKnownFileType = sourcecode.swift; path = User.swift; sourceTree = "<group>"; };
		6D8019C126A52C480042A288 /* Constant.swift */ = {isa = PBXFileReference; lastKnownFileType = sourcecode.swift; path = Constant.swift; sourceTree = "<group>"; };
		6D90357726A9DA4B00195D5D /* SettingModel.swift */ = {isa = PBXFileReference; lastKnownFileType = sourcecode.swift; path = SettingModel.swift; sourceTree = "<group>"; };
		6D9D9A9026B03A180084C764 /* UniversityTitleData.swift */ = {isa = PBXFileReference; lastKnownFileType = sourcecode.swift; path = UniversityTitleData.swift; sourceTree = "<group>"; };
		6D9D9A9226B0788B0084C764 /* Termsandconditions.swift */ = {isa = PBXFileReference; lastKnownFileType = sourcecode.swift; path = Termsandconditions.swift; sourceTree = "<group>"; };
		6D9E0CEA26ABC7B300ABB37F /* RegisterViewController.swift */ = {isa = PBXFileReference; lastKnownFileType = sourcecode.swift; path = RegisterViewController.swift; sourceTree = "<group>"; };
		82B0AC8E61382EB56A093901 /* Pods-UMate.release.xcconfig */ = {isa = PBXFileReference; includeInIndex = 1; lastKnownFileType = text.xcconfig; name = "Pods-UMate.release.xcconfig"; path = "Target Support Files/Pods-UMate/Pods-UMate.release.xcconfig"; sourceTree = "<group>"; };
		DF25EF3E26AFD4F300949AAB /* DetailPostViewController.swift */ = {isa = PBXFileReference; lastKnownFileType = sourcecode.swift; path = DetailPostViewController.swift; sourceTree = "<group>"; };
		DF25EF4126AFD54C00949AAB /* PostContentTableViewCell.swift */ = {isa = PBXFileReference; lastKnownFileType = sourcecode.swift; path = PostContentTableViewCell.swift; sourceTree = "<group>"; };
		DF25EF4326AFD59300949AAB /* PostImageTableViewCell.swift */ = {isa = PBXFileReference; lastKnownFileType = sourcecode.swift; path = PostImageTableViewCell.swift; sourceTree = "<group>"; };
		DF25EF4526AFD5EE00949AAB /* PostImageCollectionViewCell.swift */ = {isa = PBXFileReference; lastKnownFileType = sourcecode.swift; path = PostImageCollectionViewCell.swift; sourceTree = "<group>"; };
		DF25EF4826AFD61500949AAB /* BoardDummy.swift */ = {isa = PBXFileReference; lastKnownFileType = sourcecode.swift; path = BoardDummy.swift; sourceTree = "<group>"; };
		DF25EF4B26AFDD1F00949AAB /* BoardCustomHeaderView.swift */ = {isa = PBXFileReference; lastKnownFileType = sourcecode.swift; path = BoardCustomHeaderView.swift; sourceTree = "<group>"; };
		DF3EA85C26A4003100424E7E /* NonExpandableBoardTableViewCell.swift */ = {isa = PBXFileReference; lastKnownFileType = sourcecode.swift; path = NonExpandableBoardTableViewCell.swift; sourceTree = "<group>"; };
		DF46AEAB26A1C72C00435D94 /* ExpandableBoardTableViewCell.swift */ = {isa = PBXFileReference; lastKnownFileType = sourcecode.swift; path = ExpandableBoardTableViewCell.swift; sourceTree = "<group>"; };
		DFEF017F26A756290015829B /* Date + Formatter.swift */ = {isa = PBXFileReference; lastKnownFileType = sourcecode.swift; path = "Date + Formatter.swift"; sourceTree = "<group>"; };
		DFEF018126A756880015829B /* FreeBoardViewController.swift */ = {isa = PBXFileReference; lastKnownFileType = sourcecode.swift; path = FreeBoardViewController.swift; sourceTree = "<group>"; };
		DFEF018326A756AF0015829B /* LectureReviewBoardViewController.swift */ = {isa = PBXFileReference; lastKnownFileType = sourcecode.swift; path = LectureReviewBoardViewController.swift; sourceTree = "<group>"; };
		DFEF018526A756C80015829B /* Post.swift */ = {isa = PBXFileReference; lastKnownFileType = sourcecode.swift; path = Post.swift; sourceTree = "<group>"; };
		DFEF018726A756D90015829B /* Board.swift */ = {isa = PBXFileReference; lastKnownFileType = sourcecode.swift; path = Board.swift; sourceTree = "<group>"; };
		DFEF018926A7571A0015829B /* FreeBoardTableViewCell.swift */ = {isa = PBXFileReference; lastKnownFileType = sourcecode.swift; path = FreeBoardTableViewCell.swift; sourceTree = "<group>"; };
		F488438E26ABE512005DB8A3 /* PlaceViewController.swift */ = {isa = PBXFileReference; fileEncoding = 4; lastKnownFileType = sourcecode.swift; path = PlaceViewController.swift; sourceTree = "<group>"; };
		F488439026ABE512005DB8A3 /* Review.swift */ = {isa = PBXFileReference; fileEncoding = 4; lastKnownFileType = sourcecode.swift; path = Review.swift; sourceTree = "<group>"; };
		F488439126ABE512005DB8A3 /* Place.swift */ = {isa = PBXFileReference; fileEncoding = 4; lastKnownFileType = sourcecode.swift; path = Place.swift; sourceTree = "<group>"; };
		F488439326ABE512005DB8A3 /* Place.storyboard */ = {isa = PBXFileReference; fileEncoding = 4; lastKnownFileType = file.storyboard; path = Place.storyboard; sourceTree = "<group>"; };
		F488439526ABE512005DB8A3 /* PlaceInfoViewController.swift */ = {isa = PBXFileReference; fileEncoding = 4; lastKnownFileType = sourcecode.swift; path = PlaceInfoViewController.swift; sourceTree = "<group>"; };
		F488439626ABE512005DB8A3 /* PlaceInfo.storyboard */ = {isa = PBXFileReference; fileEncoding = 4; lastKnownFileType = file.storyboard; path = PlaceInfo.storyboard; sourceTree = "<group>"; };
		F488439826ABE512005DB8A3 /* DetailTableViewCell.swift */ = {isa = PBXFileReference; fileEncoding = 4; lastKnownFileType = sourcecode.swift; path = DetailTableViewCell.swift; sourceTree = "<group>"; };
		F488439926ABE512005DB8A3 /* GeneralReviewTableViewCell.swift */ = {isa = PBXFileReference; fileEncoding = 4; lastKnownFileType = sourcecode.swift; path = GeneralReviewTableViewCell.swift; sourceTree = "<group>"; };
		F488439A26ABE512005DB8A3 /* InfoSectionTableViewCell.swift */ = {isa = PBXFileReference; fileEncoding = 4; lastKnownFileType = sourcecode.swift; path = InfoSectionTableViewCell.swift; sourceTree = "<group>"; };
		F488439B26ABE512005DB8A3 /* ReviewTableViewCell.swift */ = {isa = PBXFileReference; fileEncoding = 4; lastKnownFileType = sourcecode.swift; path = ReviewTableViewCell.swift; sourceTree = "<group>"; };
		F488439C26ABE512005DB8A3 /* WordCollectionViewCell.swift */ = {isa = PBXFileReference; fileEncoding = 4; lastKnownFileType = sourcecode.swift; path = WordCollectionViewCell.swift; sourceTree = "<group>"; };
		F488439D26ABE512005DB8A3 /* UserReviewTableViewCell.swift */ = {isa = PBXFileReference; fileEncoding = 4; lastKnownFileType = sourcecode.swift; path = UserReviewTableViewCell.swift; sourceTree = "<group>"; };
		F488439E26ABE512005DB8A3 /* TabSectionTableViewCell.swift */ = {isa = PBXFileReference; fileEncoding = 4; lastKnownFileType = sourcecode.swift; path = TabSectionTableViewCell.swift; sourceTree = "<group>"; };
		F488439F26ABE512005DB8A3 /* FirstSectionTableViewCell.swift */ = {isa = PBXFileReference; fileEncoding = 4; lastKnownFileType = sourcecode.swift; path = FirstSectionTableViewCell.swift; sourceTree = "<group>"; };
		F48843A026ABE512005DB8A3 /* ReviewWriteTableViewController.swift */ = {isa = PBXFileReference; fileEncoding = 4; lastKnownFileType = sourcecode.swift; path = ReviewWriteTableViewController.swift; sourceTree = "<group>"; };
		F48843A126ABE512005DB8A3 /* RoundedButton.swift */ = {isa = PBXFileReference; fileEncoding = 4; lastKnownFileType = sourcecode.swift; path = RoundedButton.swift; sourceTree = "<group>"; };
/* End PBXFileReference section */

/* Begin PBXFrameworksBuildPhase section */
		5C92DD03269B4DEF0094A93C /* Frameworks */ = {
			isa = PBXFrameworksBuildPhase;
			buildActionMask = 2147483647;
			files = (
				F1414B82382F46CC5C59AD6B /* Pods_UMate.framework in Frameworks */,
			);
			runOnlyForDeploymentPostprocessing = 0;
		};
/* End PBXFrameworksBuildPhase section */

/* Begin PBXGroup section */
		37CC69B55B36F808E76561B4 /* Frameworks */ = {
			isa = PBXGroup;
			children = (
				0336406B0211FCA66E293B37 /* Pods_UMate.framework */,
			);
			name = Frameworks;
			sourceTree = "<group>";
		};
		5C92DCFD269B4DEF0094A93C = {
			isa = PBXGroup;
			children = (
				5C92DD08269B4DEF0094A93C /* UMate */,
				5C92DD07269B4DEF0094A93C /* Products */,
				EDA9F6209A6ED419EF4D01D4 /* Pods */,
				37CC69B55B36F808E76561B4 /* Frameworks */,
			);
			sourceTree = "<group>";
		};
		5C92DD07269B4DEF0094A93C /* Products */ = {
			isa = PBXGroup;
			children = (
				5C92DD06269B4DEF0094A93C /* UMate.app */,
			);
			name = Products;
			sourceTree = "<group>";
		};
		5C92DD08269B4DEF0094A93C /* UMate */ = {
			isa = PBXGroup;
			children = (
				6D42480326AAB89A00E1E138 /* Setting */,
				5C92DD22269B4E700094A93C /* Account */,
				5C92DD21269B4E6D0094A93C /* Home */,
				5C92DD20269B4E670094A93C /* Board */,
				5C92DD1F269B4E5D0094A93C /* Timetable */,
				F488438D26ABE512005DB8A3 /* Place */,
				5C92DD09269B4DEF0094A93C /* AppDelegate.swift */,
				5C92DD0B269B4DEF0094A93C /* SceneDelegate.swift */,
				5C92DD0D269B4DEF0094A93C /* ViewController.swift */,
				5C92DD0F269B4DEF0094A93C /* Main.storyboard */,
				5C92DD12269B4DF00094A93C /* Assets.xcassets */,
				5C92DD14269B4DF00094A93C /* LaunchScreen.storyboard */,
				5C92DD17269B4DF00094A93C /* Info.plist */,
			);
			path = UMate;
			sourceTree = "<group>";
		};
		5C92DD1F269B4E5D0094A93C /* Timetable */ = {
			isa = PBXGroup;
			children = (
				5C92DD29269B4E8E0094A93C /* Timetable.storyboard */,
				5C92DD33269B4EDF0094A93C /* TimetableViewController.swift */,
				5CAFD3AC26A74B9D0002D0EC /* AddLectureTableViewController.swift */,
				5C0D977626A768A600F396B7 /* UIViewController+Alert.swift */,
			);
			path = Timetable;
			sourceTree = "<group>";
		};
		5C92DD20269B4E670094A93C /* Board */ = {
			isa = PBXGroup;
			children = (
				DF25EF4A26AFDD0100949AAB /* View */,
				DF25EF4726AFD60700949AAB /* Dummy */,
				DF25EF3D26AFD4BE00949AAB /* DetailPost */,
				DFEF017E26A755E70015829B /* Extension */,
				DFEF017D26A755E00015829B /* ViewController */,
				DF3EA85926A3FF4500424E7E /* Model */,
				DF46AEAA26A1C70A00435D94 /* Cell */,
				5C92DD27269B4E890094A93C /* Board.storyboard */,
				5C92DD31269B4ED20094A93C /* BoardViewController.swift */,
			);
			path = Board;
			sourceTree = "<group>";
		};
		5C92DD21269B4E6D0094A93C /* Home */ = {
			isa = PBXGroup;
			children = (
				5C92DD25269B4E850094A93C /* Home.storyboard */,
				5C92DD2F269B4EC00094A93C /* HomeViewController.swift */,
			);
			path = Home;
			sourceTree = "<group>";
		};
		5C92DD22269B4E700094A93C /* Account */ = {
			isa = PBXGroup;
			children = (
				6D64F77F26ADC996005BAC82 /* Cell */,
				6D9E0CED26ABC99D00ABB37F /* Resource */,
				6D9E0CEC26ABC7C600ABB37F /* VC */,
				6D8019BE26A525470042A288 /* dummy */,
				5C92DD39269BF8450094A93C /* Account.storyboard */,
				6D7ECD9E26A67B94005D59B5 /* Alert.swift */,
			);
			path = Account;
			sourceTree = "<group>";
		};
		6D42480326AAB89A00E1E138 /* Setting */ = {
			isa = PBXGroup;
			children = (
				6D90357726A9DA4B00195D5D /* SettingModel.swift */,
				6D42480426AAB8C300E1E138 /* Setting.storyboard */,
				6D42480626AABFE500E1E138 /* SettingTableViewController.swift */,
			);
			path = Setting;
			sourceTree = "<group>";
		};
		6D64F77F26ADC996005BAC82 /* Cell */ = {
			isa = PBXGroup;
			children = (
				6D64F78026ADC9D3005BAC82 /* DropDownTableViewCell.swift */,
				6D64F78126ADC9D3005BAC82 /* DropDownTableViewCell.xib */,
			);
			path = Cell;
			sourceTree = "<group>";
		};
		6D8019BE26A525470042A288 /* dummy */ = {
			isa = PBXGroup;
			children = (
				6D8019BF26A525900042A288 /* User.swift */,
				6D8019C126A52C480042A288 /* Constant.swift */,
			);
			path = dummy;
			sourceTree = "<group>";
		};
		6D9E0CEC26ABC7C600ABB37F /* VC */ = {
			isa = PBXGroup;
			children = (
				5C92DD3B269BF84E0094A93C /* AccountViewController.swift */,
				6D9E0CEA26ABC7B300ABB37F /* RegisterViewController.swift */,
			);
			path = VC;
			sourceTree = "<group>";
		};
		6D9E0CED26ABC99D00ABB37F /* Resource */ = {
			isa = PBXGroup;
			children = (
				6D9D9A9026B03A180084C764 /* UniversityTitleData.swift */,
				6D9D9A9226B0788B0084C764 /* Termsandconditions.swift */,
			);
			path = Resource;
			sourceTree = "<group>";
		};
		DF25EF3D26AFD4BE00949AAB /* DetailPost */ = {
			isa = PBXGroup;
			children = (
				DF25EF3E26AFD4F300949AAB /* DetailPostViewController.swift */,
				DF25EF4026AFD51B00949AAB /* DetailPostCell */,
			);
			path = DetailPost;
			sourceTree = "<group>";
		};
		DF25EF4026AFD51B00949AAB /* DetailPostCell */ = {
			isa = PBXGroup;
			children = (
				DF25EF4126AFD54C00949AAB /* PostContentTableViewCell.swift */,
				DF25EF4326AFD59300949AAB /* PostImageTableViewCell.swift */,
				DF25EF4526AFD5EE00949AAB /* PostImageCollectionViewCell.swift */,
			);
			path = DetailPostCell;
			sourceTree = "<group>";
		};
		DF25EF4726AFD60700949AAB /* Dummy */ = {
			isa = PBXGroup;
			children = (
				DF25EF4826AFD61500949AAB /* BoardDummy.swift */,
			);
			path = Dummy;
			sourceTree = "<group>";
		};
		DF25EF4A26AFDD0100949AAB /* View */ = {
			isa = PBXGroup;
			children = (
				DF25EF4B26AFDD1F00949AAB /* BoardCustomHeaderView.swift */,
			);
			path = View;
			sourceTree = "<group>";
		};
		DF3EA85926A3FF4500424E7E /* Model */ = {
			isa = PBXGroup;
			children = (
				DFEF018526A756C80015829B /* Post.swift */,
				DFEF018726A756D90015829B /* Board.swift */,
			);
			path = Model;
			sourceTree = "<group>";
		};
		DF46AEAA26A1C70A00435D94 /* Cell */ = {
			isa = PBXGroup;
			children = (
				DF3EA85C26A4003100424E7E /* NonExpandableBoardTableViewCell.swift */,
				DF46AEAB26A1C72C00435D94 /* ExpandableBoardTableViewCell.swift */,
				DFEF018926A7571A0015829B /* FreeBoardTableViewCell.swift */,
			);
			path = Cell;
			sourceTree = "<group>";
		};
		DFEF017D26A755E00015829B /* ViewController */ = {
			isa = PBXGroup;
			children = (
				DFEF018126A756880015829B /* FreeBoardViewController.swift */,
				DFEF018326A756AF0015829B /* LectureReviewBoardViewController.swift */,
			);
			path = ViewController;
			sourceTree = "<group>";
		};
		DFEF017E26A755E70015829B /* Extension */ = {
			isa = PBXGroup;
			children = (
				DFEF017F26A756290015829B /* Date + Formatter.swift */,
			);
			path = Extension;
			sourceTree = "<group>";
		};
		EDA9F6209A6ED419EF4D01D4 /* Pods */ = {
			isa = PBXGroup;
			children = (
				6C4F9A5EE11942DC73C60538 /* Pods-UMate.debug.xcconfig */,
				82B0AC8E61382EB56A093901 /* Pods-UMate.release.xcconfig */,
			);
			path = Pods;
			sourceTree = "<group>";
		};
		F488438D26ABE512005DB8A3 /* Place */ = {
			isa = PBXGroup;
			children = (
				F488438E26ABE512005DB8A3 /* PlaceViewController.swift */,
				F488438F26ABE512005DB8A3 /* Model */,
				F488439226ABE512005DB8A3 /* PlaceSearch */,
				F488439326ABE512005DB8A3 /* Place.storyboard */,
				F488439426ABE512005DB8A3 /* PlaceInfo */,
			);
			path = Place;
			sourceTree = "<group>";
		};
		F488438F26ABE512005DB8A3 /* Model */ = {
			isa = PBXGroup;
			children = (
				F488439026ABE512005DB8A3 /* Review.swift */,
				F488439126ABE512005DB8A3 /* Place.swift */,
			);
			path = Model;
			sourceTree = "<group>";
		};
		F488439226ABE512005DB8A3 /* PlaceSearch */ = {
			isa = PBXGroup;
			children = (
			);
			path = PlaceSearch;
			sourceTree = "<group>";
		};
		F488439426ABE512005DB8A3 /* PlaceInfo */ = {
			isa = PBXGroup;
			children = (
				F488439526ABE512005DB8A3 /* PlaceInfoViewController.swift */,
				F488439626ABE512005DB8A3 /* PlaceInfo.storyboard */,
				F488439726ABE512005DB8A3 /* Cell */,
				F48843A026ABE512005DB8A3 /* ReviewWriteTableViewController.swift */,
				F48843A126ABE512005DB8A3 /* RoundedButton.swift */,
			);
			path = PlaceInfo;
			sourceTree = "<group>";
		};
		F488439726ABE512005DB8A3 /* Cell */ = {
			isa = PBXGroup;
			children = (
				F488439826ABE512005DB8A3 /* DetailTableViewCell.swift */,
				F488439926ABE512005DB8A3 /* GeneralReviewTableViewCell.swift */,
				F488439A26ABE512005DB8A3 /* InfoSectionTableViewCell.swift */,
				F488439B26ABE512005DB8A3 /* ReviewTableViewCell.swift */,
				F488439C26ABE512005DB8A3 /* WordCollectionViewCell.swift */,
				F488439D26ABE512005DB8A3 /* UserReviewTableViewCell.swift */,
				F488439E26ABE512005DB8A3 /* TabSectionTableViewCell.swift */,
				F488439F26ABE512005DB8A3 /* FirstSectionTableViewCell.swift */,
			);
			path = Cell;
			sourceTree = "<group>";
		};
/* End PBXGroup section */

/* Begin PBXNativeTarget section */
		5C92DD05269B4DEF0094A93C /* UMate */ = {
			isa = PBXNativeTarget;
			buildConfigurationList = 5C92DD1A269B4DF00094A93C /* Build configuration list for PBXNativeTarget "UMate" */;
			buildPhases = (
				CEC84CABB56D06F83AD21DCE /* [CP] Check Pods Manifest.lock */,
				5C92DD02269B4DEF0094A93C /* Sources */,
				5C92DD03269B4DEF0094A93C /* Frameworks */,
				5C92DD04269B4DEF0094A93C /* Resources */,
				64DCB5B42249AF506BF6A539 /* [CP] Embed Pods Frameworks */,
			);
			buildRules = (
			);
			dependencies = (
			);
			name = UMate;
			productName = UMate;
			productReference = 5C92DD06269B4DEF0094A93C /* UMate.app */;
			productType = "com.apple.product-type.application";
		};
/* End PBXNativeTarget section */

/* Begin PBXProject section */
		5C92DCFE269B4DEF0094A93C /* Project object */ = {
			isa = PBXProject;
			attributes = {
				LastSwiftUpdateCheck = 1250;
				LastUpgradeCheck = 1250;
				TargetAttributes = {
					5C92DD05269B4DEF0094A93C = {
						CreatedOnToolsVersion = 12.5;
					};
				};
			};
			buildConfigurationList = 5C92DD01269B4DEF0094A93C /* Build configuration list for PBXProject "UMate" */;
			compatibilityVersion = "Xcode 9.3";
			developmentRegion = en;
			hasScannedForEncodings = 0;
			knownRegions = (
				en,
				Base,
			);
			mainGroup = 5C92DCFD269B4DEF0094A93C;
			productRefGroup = 5C92DD07269B4DEF0094A93C /* Products */;
			projectDirPath = "";
			projectRoot = "";
			targets = (
				5C92DD05269B4DEF0094A93C /* UMate */,
			);
		};
/* End PBXProject section */

/* Begin PBXResourcesBuildPhase section */
		5C92DD04269B4DEF0094A93C /* Resources */ = {
			isa = PBXResourcesBuildPhase;
			buildActionMask = 2147483647;
			files = (
				5C92DD28269B4E890094A93C /* Board.storyboard in Resources */,
				5C92DD26269B4E850094A93C /* Home.storyboard in Resources */,
				F48843A726ABE512005DB8A3 /* PlaceInfo.storyboard in Resources */,
				F48843A526ABE512005DB8A3 /* Place.storyboard in Resources */,
				5C92DD16269B4DF00094A93C /* LaunchScreen.storyboard in Resources */,
				5C92DD13269B4DF00094A93C /* Assets.xcassets in Resources */,
				6D42480526AAB8C300E1E138 /* Setting.storyboard in Resources */,
				5C92DD2A269B4E8E0094A93C /* Timetable.storyboard in Resources */,
				5C92DD3A269BF8450094A93C /* Account.storyboard in Resources */,
				5C92DD11269B4DEF0094A93C /* Main.storyboard in Resources */,
				6D64F78326ADC9D3005BAC82 /* DropDownTableViewCell.xib in Resources */,
			);
			runOnlyForDeploymentPostprocessing = 0;
		};
/* End PBXResourcesBuildPhase section */

/* Begin PBXShellScriptBuildPhase section */
		64DCB5B42249AF506BF6A539 /* [CP] Embed Pods Frameworks */ = {
			isa = PBXShellScriptBuildPhase;
			buildActionMask = 2147483647;
			files = (
			);
			inputFileListPaths = (
				"${PODS_ROOT}/Target Support Files/Pods-UMate/Pods-UMate-frameworks-${CONFIGURATION}-input-files.xcfilelist",
			);
			name = "[CP] Embed Pods Frameworks";
			outputFileListPaths = (
				"${PODS_ROOT}/Target Support Files/Pods-UMate/Pods-UMate-frameworks-${CONFIGURATION}-output-files.xcfilelist",
			);
			runOnlyForDeploymentPostprocessing = 0;
			shellPath = /bin/sh;
			shellScript = "\"${PODS_ROOT}/Target Support Files/Pods-UMate/Pods-UMate-frameworks.sh\"\n";
			showEnvVarsInLog = 0;
		};
		CEC84CABB56D06F83AD21DCE /* [CP] Check Pods Manifest.lock */ = {
			isa = PBXShellScriptBuildPhase;
			buildActionMask = 2147483647;
			files = (
			);
			inputFileListPaths = (
			);
			inputPaths = (
				"${PODS_PODFILE_DIR_PATH}/Podfile.lock",
				"${PODS_ROOT}/Manifest.lock",
			);
			name = "[CP] Check Pods Manifest.lock";
			outputFileListPaths = (
			);
			outputPaths = (
				"$(DERIVED_FILE_DIR)/Pods-UMate-checkManifestLockResult.txt",
			);
			runOnlyForDeploymentPostprocessing = 0;
			shellPath = /bin/sh;
			shellScript = "diff \"${PODS_PODFILE_DIR_PATH}/Podfile.lock\" \"${PODS_ROOT}/Manifest.lock\" > /dev/null\nif [ $? != 0 ] ; then\n    # print error to STDERR\n    echo \"error: The sandbox is not in sync with the Podfile.lock. Run 'pod install' or update your CocoaPods installation.\" >&2\n    exit 1\nfi\n# This output is used by Xcode 'outputs' to avoid re-running this script phase.\necho \"SUCCESS\" > \"${SCRIPT_OUTPUT_FILE_0}\"\n";
			showEnvVarsInLog = 0;
		};
/* End PBXShellScriptBuildPhase section */

/* Begin PBXSourcesBuildPhase section */
		5C92DD02269B4DEF0094A93C /* Sources */ = {
			isa = PBXSourcesBuildPhase;
			buildActionMask = 2147483647;
			files = (
				F48843A826ABE512005DB8A3 /* DetailTableViewCell.swift in Sources */,
				6D42480726AABFE500E1E138 /* SettingTableViewController.swift in Sources */,
				DF36281526A93207007AC5D2 /* ExpandableBoardTableViewCell.swift in Sources */,
				6D9E0CEB26ABC7B300ABB37F /* RegisterViewController.swift in Sources */,
				DFEF018226A756880015829B /* FreeBoardViewController.swift in Sources */,
				DFEF018826A756D90015829B /* Board.swift in Sources */,
				6D64F78226ADC9D3005BAC82 /* DropDownTableViewCell.swift in Sources */,
				5CAFD3AD26A74B9D0002D0EC /* AddLectureTableViewController.swift in Sources */,
				5C0D977726A768A600F396B7 /* UIViewController+Alert.swift in Sources */,
				DF25EF4C26AFDD1F00949AAB /* BoardCustomHeaderView.swift in Sources */,
				DF25EF3F26AFD4F300949AAB /* DetailPostViewController.swift in Sources */,
				F48843AB26ABE512005DB8A3 /* ReviewTableViewCell.swift in Sources */,
				5C92DD34269B4EDF0094A93C /* TimetableViewController.swift in Sources */,
				5C92DD30269B4EC00094A93C /* HomeViewController.swift in Sources */,
				DFEF018426A756AF0015829B /* LectureReviewBoardViewController.swift in Sources */,
				DF25EF4626AFD5EE00949AAB /* PostImageCollectionViewCell.swift in Sources */,
				5C92DD0E269B4DEF0094A93C /* ViewController.swift in Sources */,
				F48843AD26ABE512005DB8A3 /* UserReviewTableViewCell.swift in Sources */,
				F48843A626ABE512005DB8A3 /* PlaceInfoViewController.swift in Sources */,
				F48843A926ABE512005DB8A3 /* GeneralReviewTableViewCell.swift in Sources */,
				DF25EF4926AFD61500949AAB /* BoardDummy.swift in Sources */,
				F48843A226ABE512005DB8A3 /* PlaceViewController.swift in Sources */,
				6D7ECD9F26A67B94005D59B5 /* Alert.swift in Sources */,
				5C92DD0A269B4DEF0094A93C /* AppDelegate.swift in Sources */,
				F48843AF26ABE512005DB8A3 /* FirstSectionTableViewCell.swift in Sources */,
				5C92DD0C269B4DEF0094A93C /* SceneDelegate.swift in Sources */,
				6D8019C026A525900042A288 /* User.swift in Sources */,
				6D9D9A9326B0788B0084C764 /* Termsandconditions.swift in Sources */,
				6D8019C226A52C480042A288 /* Constant.swift in Sources */,
				5C92DD32269B4ED20094A93C /* BoardViewController.swift in Sources */,
				DF25EF4426AFD59300949AAB /* PostImageTableViewCell.swift in Sources */,
				F48843A326ABE512005DB8A3 /* Review.swift in Sources */,
				F48843B026ABE512005DB8A3 /* ReviewWriteTableViewController.swift in Sources */,
				5C92DD3C269BF84F0094A93C /* AccountViewController.swift in Sources */,
				F48843AA26ABE512005DB8A3 /* InfoSectionTableViewCell.swift in Sources */,
				6D9D9A9126B03A180084C764 /* UniversityTitleData.swift in Sources */,
				F48843A426ABE512005DB8A3 /* Place.swift in Sources */,
				F48843AC26ABE512005DB8A3 /* WordCollectionViewCell.swift in Sources */,
				DFEF018626A756C80015829B /* Post.swift in Sources */,
				F48843AE26ABE512005DB8A3 /* TabSectionTableViewCell.swift in Sources */,
				DF25EF4226AFD54C00949AAB /* PostContentTableViewCell.swift in Sources */,
				F48843B126ABE512005DB8A3 /* RoundedButton.swift in Sources */,
				DFEF018026A756290015829B /* Date + Formatter.swift in Sources */,
				DF3EA85D26A4003100424E7E /* NonExpandableBoardTableViewCell.swift in Sources */,
				DFEF018A26A7571A0015829B /* FreeBoardTableViewCell.swift in Sources */,
				6D90357826A9DA4B00195D5D /* SettingModel.swift in Sources */,
			);
			runOnlyForDeploymentPostprocessing = 0;
		};
/* End PBXSourcesBuildPhase section */

/* Begin PBXVariantGroup section */
		5C92DD0F269B4DEF0094A93C /* Main.storyboard */ = {
			isa = PBXVariantGroup;
			children = (
				5C92DD10269B4DEF0094A93C /* Base */,
			);
			name = Main.storyboard;
			sourceTree = "<group>";
		};
		5C92DD14269B4DF00094A93C /* LaunchScreen.storyboard */ = {
			isa = PBXVariantGroup;
			children = (
				5C92DD15269B4DF00094A93C /* Base */,
			);
			name = LaunchScreen.storyboard;
			sourceTree = "<group>";
		};
/* End PBXVariantGroup section */

/* Begin XCBuildConfiguration section */
		5C92DD18269B4DF00094A93C /* Debug */ = {
			isa = XCBuildConfiguration;
			buildSettings = {
				ALWAYS_SEARCH_USER_PATHS = NO;
				CLANG_ANALYZER_NONNULL = YES;
				CLANG_ANALYZER_NUMBER_OBJECT_CONVERSION = YES_AGGRESSIVE;
				CLANG_CXX_LANGUAGE_STANDARD = "gnu++14";
				CLANG_CXX_LIBRARY = "libc++";
				CLANG_ENABLE_MODULES = YES;
				CLANG_ENABLE_OBJC_ARC = YES;
				CLANG_ENABLE_OBJC_WEAK = YES;
				CLANG_WARN_BLOCK_CAPTURE_AUTORELEASING = YES;
				CLANG_WARN_BOOL_CONVERSION = YES;
				CLANG_WARN_COMMA = YES;
				CLANG_WARN_CONSTANT_CONVERSION = YES;
				CLANG_WARN_DEPRECATED_OBJC_IMPLEMENTATIONS = YES;
				CLANG_WARN_DIRECT_OBJC_ISA_USAGE = YES_ERROR;
				CLANG_WARN_DOCUMENTATION_COMMENTS = YES;
				CLANG_WARN_EMPTY_BODY = YES;
				CLANG_WARN_ENUM_CONVERSION = YES;
				CLANG_WARN_INFINITE_RECURSION = YES;
				CLANG_WARN_INT_CONVERSION = YES;
				CLANG_WARN_NON_LITERAL_NULL_CONVERSION = YES;
				CLANG_WARN_OBJC_IMPLICIT_RETAIN_SELF = YES;
				CLANG_WARN_OBJC_LITERAL_CONVERSION = YES;
				CLANG_WARN_OBJC_ROOT_CLASS = YES_ERROR;
				CLANG_WARN_QUOTED_INCLUDE_IN_FRAMEWORK_HEADER = YES;
				CLANG_WARN_RANGE_LOOP_ANALYSIS = YES;
				CLANG_WARN_STRICT_PROTOTYPES = YES;
				CLANG_WARN_SUSPICIOUS_MOVE = YES;
				CLANG_WARN_UNGUARDED_AVAILABILITY = YES_AGGRESSIVE;
				CLANG_WARN_UNREACHABLE_CODE = YES;
				CLANG_WARN__DUPLICATE_METHOD_MATCH = YES;
				COPY_PHASE_STRIP = NO;
				DEBUG_INFORMATION_FORMAT = dwarf;
				ENABLE_STRICT_OBJC_MSGSEND = YES;
				ENABLE_TESTABILITY = YES;
				GCC_C_LANGUAGE_STANDARD = gnu11;
				GCC_DYNAMIC_NO_PIC = NO;
				GCC_NO_COMMON_BLOCKS = YES;
				GCC_OPTIMIZATION_LEVEL = 0;
				GCC_PREPROCESSOR_DEFINITIONS = (
					"DEBUG=1",
					"$(inherited)",
				);
				GCC_WARN_64_TO_32_BIT_CONVERSION = YES;
				GCC_WARN_ABOUT_RETURN_TYPE = YES_ERROR;
				GCC_WARN_UNDECLARED_SELECTOR = YES;
				GCC_WARN_UNINITIALIZED_AUTOS = YES_AGGRESSIVE;
				GCC_WARN_UNUSED_FUNCTION = YES;
				GCC_WARN_UNUSED_VARIABLE = YES;
				IPHONEOS_DEPLOYMENT_TARGET = 14.5;
				MTL_ENABLE_DEBUG_INFO = INCLUDE_SOURCE;
				MTL_FAST_MATH = YES;
				ONLY_ACTIVE_ARCH = YES;
				SDKROOT = iphoneos;
				SWIFT_ACTIVE_COMPILATION_CONDITIONS = DEBUG;
				SWIFT_OPTIMIZATION_LEVEL = "-Onone";
			};
			name = Debug;
		};
		5C92DD19269B4DF00094A93C /* Release */ = {
			isa = XCBuildConfiguration;
			buildSettings = {
				ALWAYS_SEARCH_USER_PATHS = NO;
				CLANG_ANALYZER_NONNULL = YES;
				CLANG_ANALYZER_NUMBER_OBJECT_CONVERSION = YES_AGGRESSIVE;
				CLANG_CXX_LANGUAGE_STANDARD = "gnu++14";
				CLANG_CXX_LIBRARY = "libc++";
				CLANG_ENABLE_MODULES = YES;
				CLANG_ENABLE_OBJC_ARC = YES;
				CLANG_ENABLE_OBJC_WEAK = YES;
				CLANG_WARN_BLOCK_CAPTURE_AUTORELEASING = YES;
				CLANG_WARN_BOOL_CONVERSION = YES;
				CLANG_WARN_COMMA = YES;
				CLANG_WARN_CONSTANT_CONVERSION = YES;
				CLANG_WARN_DEPRECATED_OBJC_IMPLEMENTATIONS = YES;
				CLANG_WARN_DIRECT_OBJC_ISA_USAGE = YES_ERROR;
				CLANG_WARN_DOCUMENTATION_COMMENTS = YES;
				CLANG_WARN_EMPTY_BODY = YES;
				CLANG_WARN_ENUM_CONVERSION = YES;
				CLANG_WARN_INFINITE_RECURSION = YES;
				CLANG_WARN_INT_CONVERSION = YES;
				CLANG_WARN_NON_LITERAL_NULL_CONVERSION = YES;
				CLANG_WARN_OBJC_IMPLICIT_RETAIN_SELF = YES;
				CLANG_WARN_OBJC_LITERAL_CONVERSION = YES;
				CLANG_WARN_OBJC_ROOT_CLASS = YES_ERROR;
				CLANG_WARN_QUOTED_INCLUDE_IN_FRAMEWORK_HEADER = YES;
				CLANG_WARN_RANGE_LOOP_ANALYSIS = YES;
				CLANG_WARN_STRICT_PROTOTYPES = YES;
				CLANG_WARN_SUSPICIOUS_MOVE = YES;
				CLANG_WARN_UNGUARDED_AVAILABILITY = YES_AGGRESSIVE;
				CLANG_WARN_UNREACHABLE_CODE = YES;
				CLANG_WARN__DUPLICATE_METHOD_MATCH = YES;
				COPY_PHASE_STRIP = NO;
				DEBUG_INFORMATION_FORMAT = "dwarf-with-dsym";
				ENABLE_NS_ASSERTIONS = NO;
				ENABLE_STRICT_OBJC_MSGSEND = YES;
				GCC_C_LANGUAGE_STANDARD = gnu11;
				GCC_NO_COMMON_BLOCKS = YES;
				GCC_WARN_64_TO_32_BIT_CONVERSION = YES;
				GCC_WARN_ABOUT_RETURN_TYPE = YES_ERROR;
				GCC_WARN_UNDECLARED_SELECTOR = YES;
				GCC_WARN_UNINITIALIZED_AUTOS = YES_AGGRESSIVE;
				GCC_WARN_UNUSED_FUNCTION = YES;
				GCC_WARN_UNUSED_VARIABLE = YES;
				IPHONEOS_DEPLOYMENT_TARGET = 14.5;
				MTL_ENABLE_DEBUG_INFO = NO;
				MTL_FAST_MATH = YES;
				SDKROOT = iphoneos;
				SWIFT_COMPILATION_MODE = wholemodule;
				SWIFT_OPTIMIZATION_LEVEL = "-O";
				VALIDATE_PRODUCT = YES;
			};
			name = Release;
		};
		5C92DD1B269B4DF00094A93C /* Debug */ = {
			isa = XCBuildConfiguration;
			baseConfigurationReference = 6C4F9A5EE11942DC73C60538 /* Pods-UMate.debug.xcconfig */;
			buildSettings = {
				ASSETCATALOG_COMPILER_APPICON_NAME = AppIcon;
				ASSETCATALOG_COMPILER_GLOBAL_ACCENT_COLOR_NAME = AccentColor;
				CODE_SIGN_STYLE = Automatic;
				DEVELOPMENT_TEAM = P9G6PC5FMA;
				INFOPLIST_FILE = UMate/Info.plist;
				IPHONEOS_DEPLOYMENT_TARGET = 14.1;
				LD_RUNPATH_SEARCH_PATHS = (
					"$(inherited)",
					"@executable_path/Frameworks",
				);
				PRODUCT_BUNDLE_IDENTIFIER = com.sanghee.UMate;
				PRODUCT_NAME = "$(TARGET_NAME)";
				SWIFT_VERSION = 5.0;
				TARGETED_DEVICE_FAMILY = "1,2";
			};
			name = Debug;
		};
		5C92DD1C269B4DF00094A93C /* Release */ = {
			isa = XCBuildConfiguration;
			baseConfigurationReference = 82B0AC8E61382EB56A093901 /* Pods-UMate.release.xcconfig */;
			buildSettings = {
				ASSETCATALOG_COMPILER_APPICON_NAME = AppIcon;
				ASSETCATALOG_COMPILER_GLOBAL_ACCENT_COLOR_NAME = AccentColor;
				CODE_SIGN_STYLE = Automatic;
				DEVELOPMENT_TEAM = P9G6PC5FMA;
				INFOPLIST_FILE = UMate/Info.plist;
				IPHONEOS_DEPLOYMENT_TARGET = 14.1;
				LD_RUNPATH_SEARCH_PATHS = (
					"$(inherited)",
					"@executable_path/Frameworks",
				);
				PRODUCT_BUNDLE_IDENTIFIER = com.sanghee.UMate;
				PRODUCT_NAME = "$(TARGET_NAME)";
				SWIFT_VERSION = 5.0;
				TARGETED_DEVICE_FAMILY = "1,2";
			};
			name = Release;
		};
/* End XCBuildConfiguration section */

/* Begin XCConfigurationList section */
		5C92DD01269B4DEF0094A93C /* Build configuration list for PBXProject "UMate" */ = {
			isa = XCConfigurationList;
			buildConfigurations = (
				5C92DD18269B4DF00094A93C /* Debug */,
				5C92DD19269B4DF00094A93C /* Release */,
			);
			defaultConfigurationIsVisible = 0;
			defaultConfigurationName = Release;
		};
		5C92DD1A269B4DF00094A93C /* Build configuration list for PBXNativeTarget "UMate" */ = {
			isa = XCConfigurationList;
			buildConfigurations = (
				5C92DD1B269B4DF00094A93C /* Debug */,
				5C92DD1C269B4DF00094A93C /* Release */,
			);
			defaultConfigurationIsVisible = 0;
			defaultConfigurationName = Release;
		};
/* End XCConfigurationList section */
	};
	rootObject = 5C92DCFE269B4DEF0094A93C /* Project object */;
}
