PODS:
  - Cosmos (23.0.0)
  - Elliotable (1.2.5)

DEPENDENCIES:
  - Cosmos
  - Elliotable

SPEC REPOS:
  trunk:
    - Cosmos
    - Elliotable

SPEC CHECKSUMS:
  Cosmos: b5c6a9a637e28a061b54c8f8b1d8529d7d4db73f
  Elliotable: e669fa7a974658c4e0ee4be4b335f6a561f1b2cb

PODFILE CHECKSUM: fab44461d8d86fe37b61c84492b42aa3adec252f

COCOAPODS: 1.10.1
